// !$*UTF8*$!
{
	archiveVersion = 1;
	classes = {
	};
	objectVersion = 46;
	objects = {

/* Begin PBXBuildFile section */
		9C34C2861A05438C00F8B7D0 /* licenseAddViewController.m in Sources */ = {isa = PBXBuildFile; fileRef = 9C34C2851A05438C00F8B7D0 /* licenseAddViewController.m */; };
		EB24DAB71A0731A800C791F7 /* BadgeDetailViewController.m in Sources */ = {isa = PBXBuildFile; fileRef = EB24DAB61A0731A800C791F7 /* BadgeDetailViewController.m */; };
		EB24DAFC1A07431700C791F7 /* detailBackground.jpg in Resources */ = {isa = PBXBuildFile; fileRef = EB24DAFB1A07431700C791F7 /* detailBackground.jpg */; };
		EB34E0EE19F4C590001CA342 /* menuicon.png in Resources */ = {isa = PBXBuildFile; fileRef = EB34E0ED19F4C590001CA342 /* menuicon.png */; };
		EB5C75D61A0483D500EDF2A3 /* background.jpg in Resources */ = {isa = PBXBuildFile; fileRef = EB5C75D51A0483D500EDF2A3 /* background.jpg */; };
		EB88FE4D1A0A83800056A932 /* badge02.gif in Resources */ = {isa = PBXBuildFile; fileRef = EB88FE3E1A0A83800056A932 /* badge02.gif */; };
		EB88FE4E1A0A83800056A932 /* badge03.gif in Resources */ = {isa = PBXBuildFile; fileRef = EB88FE3F1A0A83800056A932 /* badge03.gif */; };
		EB88FE4F1A0A83800056A932 /* badge04.gif in Resources */ = {isa = PBXBuildFile; fileRef = EB88FE401A0A83800056A932 /* badge04.gif */; };
		EB88FE501A0A83800056A932 /* badge05.gif in Resources */ = {isa = PBXBuildFile; fileRef = EB88FE411A0A83800056A932 /* badge05.gif */; };
		EB88FE511A0A83800056A932 /* badge06.gif in Resources */ = {isa = PBXBuildFile; fileRef = EB88FE421A0A83800056A932 /* badge06.gif */; };
		EB88FE521A0A83800056A932 /* badge07.gif in Resources */ = {isa = PBXBuildFile; fileRef = EB88FE431A0A83800056A932 /* badge07.gif */; };
		EB88FE531A0A83800056A932 /* badge08.gif in Resources */ = {isa = PBXBuildFile; fileRef = EB88FE441A0A83800056A932 /* badge08.gif */; };
		EB88FE541A0A83800056A932 /* badge09.gif in Resources */ = {isa = PBXBuildFile; fileRef = EB88FE451A0A83800056A932 /* badge09.gif */; };
		EB88FE551A0A83800056A932 /* badge10.gif in Resources */ = {isa = PBXBuildFile; fileRef = EB88FE461A0A83800056A932 /* badge10.gif */; };
		EB88FE561A0A83800056A932 /* badge11.gif in Resources */ = {isa = PBXBuildFile; fileRef = EB88FE471A0A83800056A932 /* badge11.gif */; };
		EB88FE571A0A83800056A932 /* badge12.gif in Resources */ = {isa = PBXBuildFile; fileRef = EB88FE481A0A83800056A932 /* badge12.gif */; };
		EB88FE581A0A83800056A932 /* badge13.gif in Resources */ = {isa = PBXBuildFile; fileRef = EB88FE491A0A83800056A932 /* badge13.gif */; };
		EB88FE591A0A83800056A932 /* badge14.gif in Resources */ = {isa = PBXBuildFile; fileRef = EB88FE4A1A0A83800056A932 /* badge14.gif */; };
		EB88FE5A1A0A83800056A932 /* badge15.gif in Resources */ = {isa = PBXBuildFile; fileRef = EB88FE4B1A0A83800056A932 /* badge15.gif */; };
		EB88FE5B1A0A83800056A932 /* badge16.gif in Resources */ = {isa = PBXBuildFile; fileRef = EB88FE4C1A0A83800056A932 /* badge16.gif */; };
		EB88FE5D1A0A83E40056A932 /* badge01.gif in Resources */ = {isa = PBXBuildFile; fileRef = EB88FE5C1A0A83E40056A932 /* badge01.gif */; };
		EB9DE12319F03D2D0071FEEB /* AMSlideMenuContentSegue.m in Sources */ = {isa = PBXBuildFile; fileRef = EB9DE11519F03D2D0071FEEB /* AMSlideMenuContentSegue.m */; };
		EB9DE12419F03D2D0071FEEB /* AMSlideMenuLeftMenuSegue.m in Sources */ = {isa = PBXBuildFile; fileRef = EB9DE11719F03D2D0071FEEB /* AMSlideMenuLeftMenuSegue.m */; };
		EB9DE12519F03D2D0071FEEB /* AMSlideMenuLeftTableViewController.m in Sources */ = {isa = PBXBuildFile; fileRef = EB9DE11919F03D2D0071FEEB /* AMSlideMenuLeftTableViewController.m */; };
		EB9DE12619F03D2D0071FEEB /* AMSlideMenuMainViewController.m in Sources */ = {isa = PBXBuildFile; fileRef = EB9DE11B19F03D2D0071FEEB /* AMSlideMenuMainViewController.m */; };
		EB9DE12719F03D2D0071FEEB /* AMSlideMenuRightMenuSegue.m in Sources */ = {isa = PBXBuildFile; fileRef = EB9DE11E19F03D2D0071FEEB /* AMSlideMenuRightMenuSegue.m */; };
		EB9DE12819F03D2D0071FEEB /* AMSlideMenuRightTableViewController.m in Sources */ = {isa = PBXBuildFile; fileRef = EB9DE12019F03D2D0071FEEB /* AMSlideMenuRightTableViewController.m */; };
		EB9DE12919F03D2D0071FEEB /* UIViewController+AMSlideMenu.m in Sources */ = {isa = PBXBuildFile; fileRef = EB9DE12219F03D2D0071FEEB /* UIViewController+AMSlideMenu.m */; };
		EB9DE12C19F03E910071FEEB /* MenuViewController.m in Sources */ = {isa = PBXBuildFile; fileRef = EB9DE12B19F03E910071FEEB /* MenuViewController.m */; };
		EBB4B0351A1CB5C40073EABD /* additionData.m in Sources */ = {isa = PBXBuildFile; fileRef = EBB4B0341A1CB5C40073EABD /* additionData.m */; };
		EBB974641A036BDA00030426 /* BadgeViewController.m in Sources */ = {isa = PBXBuildFile; fileRef = EBB974631A036BDA00030426 /* BadgeViewController.m */; };
		EBD7DC5B1A1B4275009C6FFF /* progress1.png in Resources */ = {isa = PBXBuildFile; fileRef = EBD7DC551A1B4275009C6FFF /* progress1.png */; };
		EBD7DC5C1A1B4275009C6FFF /* progress2.png in Resources */ = {isa = PBXBuildFile; fileRef = EBD7DC561A1B4275009C6FFF /* progress2.png */; };
		EBD7DC5D1A1B4275009C6FFF /* progress3.png in Resources */ = {isa = PBXBuildFile; fileRef = EBD7DC571A1B4275009C6FFF /* progress3.png */; };
		EBD7DC5E1A1B4275009C6FFF /* progress4.png in Resources */ = {isa = PBXBuildFile; fileRef = EBD7DC581A1B4275009C6FFF /* progress4.png */; };
		EBD7DC5F1A1B4275009C6FFF /* progress5.png in Resources */ = {isa = PBXBuildFile; fileRef = EBD7DC591A1B4275009C6FFF /* progress5.png */; };
		EBD7DC601A1B4275009C6FFF /* progress6.png in Resources */ = {isa = PBXBuildFile; fileRef = EBD7DC5A1A1B4275009C6FFF /* progress6.png */; };
		EBD7DC621A1B43F9009C6FFF /* adobe.png in Resources */ = {isa = PBXBuildFile; fileRef = EBD7DC611A1B43F9009C6FFF /* adobe.png */; };
		EBD7DC641A1B45FB009C6FFF /* microsoft.png in Resources */ = {isa = PBXBuildFile; fileRef = EBD7DC631A1B45FB009C6FFF /* microsoft.png */; };
		EBE89A971A1768CF002D0DCA /* licenseViewController.m in Sources */ = {isa = PBXBuildFile; fileRef = EBE89A961A1768CF002D0DCA /* licenseViewController.m */; };
		EBE89A9A1A176BA4002D0DCA /* selectMakerViewController.m in Sources */ = {isa = PBXBuildFile; fileRef = EBE89A991A176BA4002D0DCA /* selectMakerViewController.m */; };
		EBE89A9D1A176BFC002D0DCA /* selectSoftwareViewController.m in Sources */ = {isa = PBXBuildFile; fileRef = EBE89A9C1A176BFC002D0DCA /* selectSoftwareViewController.m */; };
		EBE89AA01A176C15002D0DCA /* selectVersionViewController.m in Sources */ = {isa = PBXBuildFile; fileRef = EBE89A9F1A176C15002D0DCA /* selectVersionViewController.m */; };
		EBE89AA31A176C41002D0DCA /* licenseKeyViewController.m in Sources */ = {isa = PBXBuildFile; fileRef = EBE89AA21A176C41002D0DCA /* licenseKeyViewController.m */; };
		EBE89AA61A176C62002D0DCA /* inputDateViewController.m in Sources */ = {isa = PBXBuildFile; fileRef = EBE89AA51A176C62002D0DCA /* inputDateViewController.m */; };
		EBE89AA91A176C6F002D0DCA /* confirmViewController.m in Sources */ = {isa = PBXBuildFile; fileRef = EBE89AA81A176C6F002D0DCA /* confirmViewController.m */; };
		EBE89AAC1A1771D4002D0DCA /* labViewController.m in Sources */ = {isa = PBXBuildFile; fileRef = EBE89AAB1A1771D4002D0DCA /* labViewController.m */; };
		EBE89AE71A177901002D0DCA /* otherBadgeViewController.m in Sources */ = {isa = PBXBuildFile; fileRef = EBE89AE61A177901002D0DCA /* otherBadgeViewController.m */; };
		F81A11D41A1898620064103A /* tabViewController.m in Sources */ = {isa = PBXBuildFile; fileRef = F81A11D31A1898620064103A /* tabViewController.m */; };
		F81A11DA1A18C25B0064103A /* otherLicenseViewController.m in Sources */ = {isa = PBXBuildFile; fileRef = F81A11D91A18C25B0064103A /* otherLicenseViewController.m */; };
		F81A121E1A1A2ACF0064103A /* WebdbConnect.m in Sources */ = {isa = PBXBuildFile; fileRef = F81A121D1A1A2ACF0064103A /* WebdbConnect.m */; };
		F87F6A3A19F939740088A0D6 /* guestViewController.m in Sources */ = {isa = PBXBuildFile; fileRef = F87F6A3919F939740088A0D6 /* guestViewController.m */; };
		F87F6A7F19FA28E00088A0D6 /* QuartzCore.framework in Frameworks */ = {isa = PBXBuildFile; fileRef = F87F6A7E19FA28E00088A0D6 /* QuartzCore.framework */; };
		F889EFAF19EED0760049B3A7 /* PerViewController.m in Sources */ = {isa = PBXBuildFile; fileRef = F889EFAE19EED0760049B3A7 /* PerViewController.m */; };
		F8A223D119EE6C0D00139991 /* Foundation.framework in Frameworks */ = {isa = PBXBuildFile; fileRef = F8A223D019EE6C0D00139991 /* Foundation.framework */; };
		F8A223D319EE6C0D00139991 /* CoreGraphics.framework in Frameworks */ = {isa = PBXBuildFile; fileRef = F8A223D219EE6C0D00139991 /* CoreGraphics.framework */; };
		F8A223D519EE6C0D00139991 /* UIKit.framework in Frameworks */ = {isa = PBXBuildFile; fileRef = F8A223D419EE6C0D00139991 /* UIKit.framework */; };
		F8A223DB19EE6C0D00139991 /* InfoPlist.strings in Resources */ = {isa = PBXBuildFile; fileRef = F8A223D919EE6C0D00139991 /* InfoPlist.strings */; };
		F8A223DD19EE6C0D00139991 /* main.m in Sources */ = {isa = PBXBuildFile; fileRef = F8A223DC19EE6C0D00139991 /* main.m */; };
		F8A223E119EE6C0D00139991 /* AppDelegate.m in Sources */ = {isa = PBXBuildFile; fileRef = F8A223E019EE6C0D00139991 /* AppDelegate.m */; };
		F8A223E419EE6C0D00139991 /* Main.storyboard in Resources */ = {isa = PBXBuildFile; fileRef = F8A223E219EE6C0D00139991 /* Main.storyboard */; };
		F8A223E719EE6C0D00139991 /* ViewController.m in Sources */ = {isa = PBXBuildFile; fileRef = F8A223E619EE6C0D00139991 /* ViewController.m */; };
		F8A223E919EE6C0D00139991 /* Images.xcassets in Resources */ = {isa = PBXBuildFile; fileRef = F8A223E819EE6C0D00139991 /* Images.xcassets */; };
		F8A223F019EE6C0D00139991 /* XCTest.framework in Frameworks */ = {isa = PBXBuildFile; fileRef = F8A223EF19EE6C0D00139991 /* XCTest.framework */; };
		F8A223F119EE6C0D00139991 /* Foundation.framework in Frameworks */ = {isa = PBXBuildFile; fileRef = F8A223D019EE6C0D00139991 /* Foundation.framework */; };
		F8A223F219EE6C0D00139991 /* UIKit.framework in Frameworks */ = {isa = PBXBuildFile; fileRef = F8A223D419EE6C0D00139991 /* UIKit.framework */; };
		F8A223FA19EE6C0D00139991 /* InfoPlist.strings in Resources */ = {isa = PBXBuildFile; fileRef = F8A223F819EE6C0D00139991 /* InfoPlist.strings */; };
		F8A223FC19EE6C0D00139991 /* gyoumuApp1Tests.m in Sources */ = {isa = PBXBuildFile; fileRef = F8A223FB19EE6C0D00139991 /* gyoumuApp1Tests.m */; };
		F8A63E3F1A1BCE3200B34842 /* otherBadgeDetailViewController.m in Sources */ = {isa = PBXBuildFile; fileRef = F8A63E3E1A1BCE3200B34842 /* otherBadgeDetailViewController.m */; };
		F8B6F8DF1A1DDD2F009983D2 /* licenseTableViewController.m in Sources */ = {isa = PBXBuildFile; fileRef = F8B6F8DE1A1DDD2F009983D2 /* licenseTableViewController.m */; };
		F8F60B931A00D104002717F2 /* jsonUser.txt in Resources */ = {isa = PBXBuildFile; fileRef = F8F60B921A00D104002717F2 /* jsonUser.txt */; };
/* End PBXBuildFile section */

/* Begin PBXContainerItemProxy section */
		F8A223F319EE6C0D00139991 /* PBXContainerItemProxy */ = {
			isa = PBXContainerItemProxy;
			containerPortal = F8A223C519EE6C0D00139991 /* Project object */;
			proxyType = 1;
			remoteGlobalIDString = F8A223CC19EE6C0D00139991;
			remoteInfo = gyoumuApp1;
		};
/* End PBXContainerItemProxy section */

/* Begin PBXFileReference section */
		9C34C2841A05438C00F8B7D0 /* licenseAddViewController.h */ = {isa = PBXFileReference; fileEncoding = 4; lastKnownFileType = sourcecode.c.h; path = licenseAddViewController.h; sourceTree = "<group>"; };
		9C34C2851A05438C00F8B7D0 /* licenseAddViewController.m */ = {isa = PBXFileReference; fileEncoding = 4; lastKnownFileType = sourcecode.c.objc; path = licenseAddViewController.m; sourceTree = "<group>"; };
		EB24DAB51A0731A800C791F7 /* BadgeDetailViewController.h */ = {isa = PBXFileReference; fileEncoding = 4; lastKnownFileType = sourcecode.c.h; path = BadgeDetailViewController.h; sourceTree = "<group>"; };
		EB24DAB61A0731A800C791F7 /* BadgeDetailViewController.m */ = {isa = PBXFileReference; fileEncoding = 4; lastKnownFileType = sourcecode.c.objc; path = BadgeDetailViewController.m; sourceTree = "<group>"; };
		EB24DAFB1A07431700C791F7 /* detailBackground.jpg */ = {isa = PBXFileReference; lastKnownFileType = image.jpeg; path = detailBackground.jpg; sourceTree = "<group>"; };
		EB34E0ED19F4C590001CA342 /* menuicon.png */ = {isa = PBXFileReference; lastKnownFileType = image.png; path = menuicon.png; sourceTree = "<group>"; };
		EB5C75D51A0483D500EDF2A3 /* background.jpg */ = {isa = PBXFileReference; lastKnownFileType = image.jpeg; path = background.jpg; sourceTree = "<group>"; };
		EB88FE3E1A0A83800056A932 /* badge02.gif */ = {isa = PBXFileReference; lastKnownFileType = image.gif; path = badge02.gif; sourceTree = "<group>"; };
		EB88FE3F1A0A83800056A932 /* badge03.gif */ = {isa = PBXFileReference; lastKnownFileType = image.gif; path = badge03.gif; sourceTree = "<group>"; };
		EB88FE401A0A83800056A932 /* badge04.gif */ = {isa = PBXFileReference; lastKnownFileType = image.gif; path = badge04.gif; sourceTree = "<group>"; };
		EB88FE411A0A83800056A932 /* badge05.gif */ = {isa = PBXFileReference; lastKnownFileType = image.gif; path = badge05.gif; sourceTree = "<group>"; };
		EB88FE421A0A83800056A932 /* badge06.gif */ = {isa = PBXFileReference; lastKnownFileType = image.gif; path = badge06.gif; sourceTree = "<group>"; };
		EB88FE431A0A83800056A932 /* badge07.gif */ = {isa = PBXFileReference; lastKnownFileType = image.gif; path = badge07.gif; sourceTree = "<group>"; };
		EB88FE441A0A83800056A932 /* badge08.gif */ = {isa = PBXFileReference; lastKnownFileType = image.gif; path = badge08.gif; sourceTree = "<group>"; };
		EB88FE451A0A83800056A932 /* badge09.gif */ = {isa = PBXFileReference; lastKnownFileType = image.gif; path = badge09.gif; sourceTree = "<group>"; };
		EB88FE461A0A83800056A932 /* badge10.gif */ = {isa = PBXFileReference; lastKnownFileType = image.gif; path = badge10.gif; sourceTree = "<group>"; };
		EB88FE471A0A83800056A932 /* badge11.gif */ = {isa = PBXFileReference; lastKnownFileType = image.gif; path = badge11.gif; sourceTree = "<group>"; };
		EB88FE481A0A83800056A932 /* badge12.gif */ = {isa = PBXFileReference; lastKnownFileType = image.gif; path = badge12.gif; sourceTree = "<group>"; };
		EB88FE491A0A83800056A932 /* badge13.gif */ = {isa = PBXFileReference; lastKnownFileType = image.gif; path = badge13.gif; sourceTree = "<group>"; };
		EB88FE4A1A0A83800056A932 /* badge14.gif */ = {isa = PBXFileReference; lastKnownFileType = image.gif; path = badge14.gif; sourceTree = "<group>"; };
		EB88FE4B1A0A83800056A932 /* badge15.gif */ = {isa = PBXFileReference; lastKnownFileType = image.gif; path = badge15.gif; sourceTree = "<group>"; };
		EB88FE4C1A0A83800056A932 /* badge16.gif */ = {isa = PBXFileReference; lastKnownFileType = image.gif; path = badge16.gif; sourceTree = "<group>"; };
		EB88FE5C1A0A83E40056A932 /* badge01.gif */ = {isa = PBXFileReference; lastKnownFileType = image.gif; path = badge01.gif; sourceTree = "<group>"; };
		EB9DE11419F03D2D0071FEEB /* AMSlideMenuContentSegue.h */ = {isa = PBXFileReference; fileEncoding = 4; lastKnownFileType = sourcecode.c.h; path = AMSlideMenuContentSegue.h; sourceTree = "<group>"; };
		EB9DE11519F03D2D0071FEEB /* AMSlideMenuContentSegue.m */ = {isa = PBXFileReference; fileEncoding = 4; lastKnownFileType = sourcecode.c.objc; path = AMSlideMenuContentSegue.m; sourceTree = "<group>"; };
		EB9DE11619F03D2D0071FEEB /* AMSlideMenuLeftMenuSegue.h */ = {isa = PBXFileReference; fileEncoding = 4; lastKnownFileType = sourcecode.c.h; path = AMSlideMenuLeftMenuSegue.h; sourceTree = "<group>"; };
		EB9DE11719F03D2D0071FEEB /* AMSlideMenuLeftMenuSegue.m */ = {isa = PBXFileReference; fileEncoding = 4; lastKnownFileType = sourcecode.c.objc; path = AMSlideMenuLeftMenuSegue.m; sourceTree = "<group>"; };
		EB9DE11819F03D2D0071FEEB /* AMSlideMenuLeftTableViewController.h */ = {isa = PBXFileReference; fileEncoding = 4; lastKnownFileType = sourcecode.c.h; path = AMSlideMenuLeftTableViewController.h; sourceTree = "<group>"; };
		EB9DE11919F03D2D0071FEEB /* AMSlideMenuLeftTableViewController.m */ = {isa = PBXFileReference; fileEncoding = 4; lastKnownFileType = sourcecode.c.objc; path = AMSlideMenuLeftTableViewController.m; sourceTree = "<group>"; };
		EB9DE11A19F03D2D0071FEEB /* AMSlideMenuMainViewController.h */ = {isa = PBXFileReference; fileEncoding = 4; lastKnownFileType = sourcecode.c.h; path = AMSlideMenuMainViewController.h; sourceTree = "<group>"; };
		EB9DE11B19F03D2D0071FEEB /* AMSlideMenuMainViewController.m */ = {isa = PBXFileReference; fileEncoding = 4; lastKnownFileType = sourcecode.c.objc; path = AMSlideMenuMainViewController.m; sourceTree = "<group>"; };
		EB9DE11C19F03D2D0071FEEB /* AMSlideMenuProtocols.h */ = {isa = PBXFileReference; fileEncoding = 4; lastKnownFileType = sourcecode.c.h; path = AMSlideMenuProtocols.h; sourceTree = "<group>"; };
		EB9DE11D19F03D2D0071FEEB /* AMSlideMenuRightMenuSegue.h */ = {isa = PBXFileReference; fileEncoding = 4; lastKnownFileType = sourcecode.c.h; path = AMSlideMenuRightMenuSegue.h; sourceTree = "<group>"; };
		EB9DE11E19F03D2D0071FEEB /* AMSlideMenuRightMenuSegue.m */ = {isa = PBXFileReference; fileEncoding = 4; lastKnownFileType = sourcecode.c.objc; path = AMSlideMenuRightMenuSegue.m; sourceTree = "<group>"; };
		EB9DE11F19F03D2D0071FEEB /* AMSlideMenuRightTableViewController.h */ = {isa = PBXFileReference; fileEncoding = 4; lastKnownFileType = sourcecode.c.h; path = AMSlideMenuRightTableViewController.h; sourceTree = "<group>"; };
		EB9DE12019F03D2D0071FEEB /* AMSlideMenuRightTableViewController.m */ = {isa = PBXFileReference; fileEncoding = 4; lastKnownFileType = sourcecode.c.objc; path = AMSlideMenuRightTableViewController.m; sourceTree = "<group>"; };
		EB9DE12119F03D2D0071FEEB /* UIViewController+AMSlideMenu.h */ = {isa = PBXFileReference; fileEncoding = 4; lastKnownFileType = sourcecode.c.h; path = "UIViewController+AMSlideMenu.h"; sourceTree = "<group>"; };
		EB9DE12219F03D2D0071FEEB /* UIViewController+AMSlideMenu.m */ = {isa = PBXFileReference; fileEncoding = 4; lastKnownFileType = sourcecode.c.objc; path = "UIViewController+AMSlideMenu.m"; sourceTree = "<group>"; };
		EB9DE12A19F03E910071FEEB /* MenuViewController.h */ = {isa = PBXFileReference; fileEncoding = 4; lastKnownFileType = sourcecode.c.h; path = MenuViewController.h; sourceTree = "<group>"; };
		EB9DE12B19F03E910071FEEB /* MenuViewController.m */ = {isa = PBXFileReference; fileEncoding = 4; lastKnownFileType = sourcecode.c.objc; path = MenuViewController.m; sourceTree = "<group>"; };
		EBB4B0331A1CB5C40073EABD /* additionData.h */ = {isa = PBXFileReference; fileEncoding = 4; lastKnownFileType = sourcecode.c.h; path = additionData.h; sourceTree = "<group>"; };
		EBB4B0341A1CB5C40073EABD /* additionData.m */ = {isa = PBXFileReference; fileEncoding = 4; lastKnownFileType = sourcecode.c.objc; path = additionData.m; sourceTree = "<group>"; };
		EBB974631A036BDA00030426 /* BadgeViewController.m */ = {isa = PBXFileReference; fileEncoding = 4; lastKnownFileType = sourcecode.c.objc; path = BadgeViewController.m; sourceTree = "<group>"; };
		EBD7DC551A1B4275009C6FFF /* progress1.png */ = {isa = PBXFileReference; lastKnownFileType = image.png; path = progress1.png; sourceTree = "<group>"; };
		EBD7DC561A1B4275009C6FFF /* progress2.png */ = {isa = PBXFileReference; lastKnownFileType = image.png; path = progress2.png; sourceTree = "<group>"; };
		EBD7DC571A1B4275009C6FFF /* progress3.png */ = {isa = PBXFileReference; lastKnownFileType = image.png; path = progress3.png; sourceTree = "<group>"; };
		EBD7DC581A1B4275009C6FFF /* progress4.png */ = {isa = PBXFileReference; lastKnownFileType = image.png; path = progress4.png; sourceTree = "<group>"; };
		EBD7DC591A1B4275009C6FFF /* progress5.png */ = {isa = PBXFileReference; lastKnownFileType = image.png; path = progress5.png; sourceTree = "<group>"; };
		EBD7DC5A1A1B4275009C6FFF /* progress6.png */ = {isa = PBXFileReference; lastKnownFileType = image.png; path = progress6.png; sourceTree = "<group>"; };
		EBD7DC611A1B43F9009C6FFF /* adobe.png */ = {isa = PBXFileReference; lastKnownFileType = image.png; path = adobe.png; sourceTree = "<group>"; };
		EBD7DC631A1B45FB009C6FFF /* microsoft.png */ = {isa = PBXFileReference; lastKnownFileType = image.png; path = microsoft.png; sourceTree = "<group>"; };
		EBE89A951A1768CF002D0DCA /* licenseViewController.h */ = {isa = PBXFileReference; fileEncoding = 4; lastKnownFileType = sourcecode.c.h; path = licenseViewController.h; sourceTree = "<group>"; };
		EBE89A961A1768CF002D0DCA /* licenseViewController.m */ = {isa = PBXFileReference; fileEncoding = 4; lastKnownFileType = sourcecode.c.objc; path = licenseViewController.m; sourceTree = "<group>"; };
		EBE89A981A176BA4002D0DCA /* selectMakerViewController.h */ = {isa = PBXFileReference; fileEncoding = 4; lastKnownFileType = sourcecode.c.h; path = selectMakerViewController.h; sourceTree = "<group>"; };
		EBE89A991A176BA4002D0DCA /* selectMakerViewController.m */ = {isa = PBXFileReference; fileEncoding = 4; lastKnownFileType = sourcecode.c.objc; path = selectMakerViewController.m; sourceTree = "<group>"; };
		EBE89A9B1A176BFC002D0DCA /* selectSoftwareViewController.h */ = {isa = PBXFileReference; fileEncoding = 4; lastKnownFileType = sourcecode.c.h; path = selectSoftwareViewController.h; sourceTree = "<group>"; };
		EBE89A9C1A176BFC002D0DCA /* selectSoftwareViewController.m */ = {isa = PBXFileReference; fileEncoding = 4; lastKnownFileType = sourcecode.c.objc; path = selectSoftwareViewController.m; sourceTree = "<group>"; };
		EBE89A9E1A176C15002D0DCA /* selectVersionViewController.h */ = {isa = PBXFileReference; fileEncoding = 4; lastKnownFileType = sourcecode.c.h; path = selectVersionViewController.h; sourceTree = "<group>"; };
		EBE89A9F1A176C15002D0DCA /* selectVersionViewController.m */ = {isa = PBXFileReference; fileEncoding = 4; lastKnownFileType = sourcecode.c.objc; path = selectVersionViewController.m; sourceTree = "<group>"; };
		EBE89AA11A176C41002D0DCA /* licenseKeyViewController.h */ = {isa = PBXFileReference; fileEncoding = 4; lastKnownFileType = sourcecode.c.h; path = licenseKeyViewController.h; sourceTree = "<group>"; };
		EBE89AA21A176C41002D0DCA /* licenseKeyViewController.m */ = {isa = PBXFileReference; fileEncoding = 4; lastKnownFileType = sourcecode.c.objc; path = licenseKeyViewController.m; sourceTree = "<group>"; };
		EBE89AA41A176C62002D0DCA /* inputDateViewController.h */ = {isa = PBXFileReference; fileEncoding = 4; lastKnownFileType = sourcecode.c.h; path = inputDateViewController.h; sourceTree = "<group>"; };
		EBE89AA51A176C62002D0DCA /* inputDateViewController.m */ = {isa = PBXFileReference; fileEncoding = 4; lastKnownFileType = sourcecode.c.objc; path = inputDateViewController.m; sourceTree = "<group>"; };
		EBE89AA71A176C6F002D0DCA /* confirmViewController.h */ = {isa = PBXFileReference; fileEncoding = 4; lastKnownFileType = sourcecode.c.h; path = confirmViewController.h; sourceTree = "<group>"; };
		EBE89AA81A176C6F002D0DCA /* confirmViewController.m */ = {isa = PBXFileReference; fileEncoding = 4; lastKnownFileType = sourcecode.c.objc; path = confirmViewController.m; sourceTree = "<group>"; };
		EBE89AAA1A1771D4002D0DCA /* labViewController.h */ = {isa = PBXFileReference; fileEncoding = 4; lastKnownFileType = sourcecode.c.h; path = labViewController.h; sourceTree = "<group>"; };
		EBE89AAB1A1771D4002D0DCA /* labViewController.m */ = {isa = PBXFileReference; fileEncoding = 4; lastKnownFileType = sourcecode.c.objc; path = labViewController.m; sourceTree = "<group>"; };
		EBE89AE51A177901002D0DCA /* otherBadgeViewController.h */ = {isa = PBXFileReference; fileEncoding = 4; lastKnownFileType = sourcecode.c.h; path = otherBadgeViewController.h; sourceTree = "<group>"; };
		EBE89AE61A177901002D0DCA /* otherBadgeViewController.m */ = {isa = PBXFileReference; fileEncoding = 4; lastKnownFileType = sourcecode.c.objc; path = otherBadgeViewController.m; sourceTree = "<group>"; };
		EBFEFC0E1A032CA100E548B5 /* BadgeViewController.h */ = {isa = PBXFileReference; fileEncoding = 4; lastKnownFileType = sourcecode.c.h; path = BadgeViewController.h; sourceTree = "<group>"; };
		F81A11D21A1898620064103A /* tabViewController.h */ = {isa = PBXFileReference; fileEncoding = 4; lastKnownFileType = sourcecode.c.h; path = tabViewController.h; sourceTree = "<group>"; };
		F81A11D31A1898620064103A /* tabViewController.m */ = {isa = PBXFileReference; fileEncoding = 4; lastKnownFileType = sourcecode.c.objc; path = tabViewController.m; sourceTree = "<group>"; };
		F81A11D81A18C25B0064103A /* otherLicenseViewController.h */ = {isa = PBXFileReference; fileEncoding = 4; lastKnownFileType = sourcecode.c.h; path = otherLicenseViewController.h; sourceTree = "<group>"; };
		F81A11D91A18C25B0064103A /* otherLicenseViewController.m */ = {isa = PBXFileReference; fileEncoding = 4; lastKnownFileType = sourcecode.c.objc; path = otherLicenseViewController.m; sourceTree = "<group>"; };
		F81A121C1A1A2ACF0064103A /* WebdbConnect.h */ = {isa = PBXFileReference; fileEncoding = 4; lastKnownFileType = sourcecode.c.h; path = WebdbConnect.h; sourceTree = "<group>"; };
		F81A121D1A1A2ACF0064103A /* WebdbConnect.m */ = {isa = PBXFileReference; fileEncoding = 4; lastKnownFileType = sourcecode.c.objc; path = WebdbConnect.m; sourceTree = "<group>"; };
		F87F6A3819F939740088A0D6 /* guestViewController.h */ = {isa = PBXFileReference; fileEncoding = 4; lastKnownFileType = sourcecode.c.h; path = guestViewController.h; sourceTree = "<group>"; };
		F87F6A3919F939740088A0D6 /* guestViewController.m */ = {isa = PBXFileReference; fileEncoding = 4; lastKnownFileType = sourcecode.c.objc; path = guestViewController.m; sourceTree = "<group>"; };
		F87F6A7E19FA28E00088A0D6 /* QuartzCore.framework */ = {isa = PBXFileReference; lastKnownFileType = wrapper.framework; name = QuartzCore.framework; path = System/Library/Frameworks/QuartzCore.framework; sourceTree = SDKROOT; };
		F889EFAD19EED0760049B3A7 /* PerViewController.h */ = {isa = PBXFileReference; fileEncoding = 4; lastKnownFileType = sourcecode.c.h; path = PerViewController.h; sourceTree = "<group>"; };
		F889EFAE19EED0760049B3A7 /* PerViewController.m */ = {isa = PBXFileReference; fileEncoding = 4; lastKnownFileType = sourcecode.c.objc; path = PerViewController.m; sourceTree = "<group>"; };
		F8A223CD19EE6C0D00139991 /* gyoumuApp1.app */ = {isa = PBXFileReference; explicitFileType = wrapper.application; includeInIndex = 0; path = gyoumuApp1.app; sourceTree = BUILT_PRODUCTS_DIR; };
		F8A223D019EE6C0D00139991 /* Foundation.framework */ = {isa = PBXFileReference; lastKnownFileType = wrapper.framework; name = Foundation.framework; path = System/Library/Frameworks/Foundation.framework; sourceTree = SDKROOT; };
		F8A223D219EE6C0D00139991 /* CoreGraphics.framework */ = {isa = PBXFileReference; lastKnownFileType = wrapper.framework; name = CoreGraphics.framework; path = System/Library/Frameworks/CoreGraphics.framework; sourceTree = SDKROOT; };
		F8A223D419EE6C0D00139991 /* UIKit.framework */ = {isa = PBXFileReference; lastKnownFileType = wrapper.framework; name = UIKit.framework; path = System/Library/Frameworks/UIKit.framework; sourceTree = SDKROOT; };
		F8A223D819EE6C0D00139991 /* gyoumuApp1-Info.plist */ = {isa = PBXFileReference; lastKnownFileType = text.plist.xml; path = "gyoumuApp1-Info.plist"; sourceTree = "<group>"; };
		F8A223DA19EE6C0D00139991 /* en */ = {isa = PBXFileReference; lastKnownFileType = text.plist.strings; name = en; path = en.lproj/InfoPlist.strings; sourceTree = "<group>"; };
		F8A223DC19EE6C0D00139991 /* main.m */ = {isa = PBXFileReference; lastKnownFileType = sourcecode.c.objc; path = main.m; sourceTree = "<group>"; };
		F8A223DE19EE6C0D00139991 /* gyoumuApp1-Prefix.pch */ = {isa = PBXFileReference; lastKnownFileType = sourcecode.c.h; path = "gyoumuApp1-Prefix.pch"; sourceTree = "<group>"; };
		F8A223DF19EE6C0D00139991 /* AppDelegate.h */ = {isa = PBXFileReference; lastKnownFileType = sourcecode.c.h; path = AppDelegate.h; sourceTree = "<group>"; };
		F8A223E019EE6C0D00139991 /* AppDelegate.m */ = {isa = PBXFileReference; lastKnownFileType = sourcecode.c.objc; path = AppDelegate.m; sourceTree = "<group>"; };
		F8A223E319EE6C0D00139991 /* Base */ = {isa = PBXFileReference; lastKnownFileType = file.storyboard; name = Base; path = Base.lproj/Main.storyboard; sourceTree = "<group>"; };
		F8A223E519EE6C0D00139991 /* ViewController.h */ = {isa = PBXFileReference; lastKnownFileType = sourcecode.c.h; path = ViewController.h; sourceTree = "<group>"; };
		F8A223E619EE6C0D00139991 /* ViewController.m */ = {isa = PBXFileReference; lastKnownFileType = sourcecode.c.objc; path = ViewController.m; sourceTree = "<group>"; };
		F8A223E819EE6C0D00139991 /* Images.xcassets */ = {isa = PBXFileReference; lastKnownFileType = folder.assetcatalog; path = Images.xcassets; sourceTree = "<group>"; };
		F8A223EE19EE6C0D00139991 /* gyoumuApp1Tests.xctest */ = {isa = PBXFileReference; explicitFileType = wrapper.cfbundle; includeInIndex = 0; path = gyoumuApp1Tests.xctest; sourceTree = BUILT_PRODUCTS_DIR; };
		F8A223EF19EE6C0D00139991 /* XCTest.framework */ = {isa = PBXFileReference; lastKnownFileType = wrapper.framework; name = XCTest.framework; path = Library/Frameworks/XCTest.framework; sourceTree = DEVELOPER_DIR; };
		F8A223F719EE6C0D00139991 /* gyoumuApp1Tests-Info.plist */ = {isa = PBXFileReference; lastKnownFileType = text.plist.xml; path = "gyoumuApp1Tests-Info.plist"; sourceTree = "<group>"; };
		F8A223F919EE6C0D00139991 /* en */ = {isa = PBXFileReference; lastKnownFileType = text.plist.strings; name = en; path = en.lproj/InfoPlist.strings; sourceTree = "<group>"; };
		F8A223FB19EE6C0D00139991 /* gyoumuApp1Tests.m */ = {isa = PBXFileReference; lastKnownFileType = sourcecode.c.objc; path = gyoumuApp1Tests.m; sourceTree = "<group>"; };
		F8A63E3D1A1BCE3200B34842 /* otherBadgeDetailViewController.h */ = {isa = PBXFileReference; fileEncoding = 4; lastKnownFileType = sourcecode.c.h; path = otherBadgeDetailViewController.h; sourceTree = "<group>"; };
		F8A63E3E1A1BCE3200B34842 /* otherBadgeDetailViewController.m */ = {isa = PBXFileReference; fileEncoding = 4; lastKnownFileType = sourcecode.c.objc; path = otherBadgeDetailViewController.m; sourceTree = "<group>"; };
		F8B6F8DD1A1DDD2F009983D2 /* licenseTableViewController.h */ = {isa = PBXFileReference; fileEncoding = 4; lastKnownFileType = sourcecode.c.h; path = licenseTableViewController.h; sourceTree = "<group>"; };
		F8B6F8DE1A1DDD2F009983D2 /* licenseTableViewController.m */ = {isa = PBXFileReference; fileEncoding = 4; lastKnownFileType = sourcecode.c.objc; path = licenseTableViewController.m; sourceTree = "<group>"; };
		F8F60B921A00D104002717F2 /* jsonUser.txt */ = {isa = PBXFileReference; fileEncoding = 4; lastKnownFileType = text; path = jsonUser.txt; sourceTree = "<group>"; };
/* End PBXFileReference section */

/* Begin PBXFrameworksBuildPhase section */
		F8A223CA19EE6C0D00139991 /* Frameworks */ = {
			isa = PBXFrameworksBuildPhase;
			buildActionMask = 2147483647;
			files = (
				F87F6A7F19FA28E00088A0D6 /* QuartzCore.framework in Frameworks */,
				F8A223D319EE6C0D00139991 /* CoreGraphics.framework in Frameworks */,
				F8A223D519EE6C0D00139991 /* UIKit.framework in Frameworks */,
				F8A223D119EE6C0D00139991 /* Foundation.framework in Frameworks */,
			);
			runOnlyForDeploymentPostprocessing = 0;
		};
		F8A223EB19EE6C0D00139991 /* Frameworks */ = {
			isa = PBXFrameworksBuildPhase;
			buildActionMask = 2147483647;
			files = (
				F8A223F019EE6C0D00139991 /* XCTest.framework in Frameworks */,
				F8A223F219EE6C0D00139991 /* UIKit.framework in Frameworks */,
				F8A223F119EE6C0D00139991 /* Foundation.framework in Frameworks */,
			);
			runOnlyForDeploymentPostprocessing = 0;
		};
/* End PBXFrameworksBuildPhase section */

/* Begin PBXGroup section */
		EB88FE3D1A0A83340056A932 /* SourceImages */ = {
			isa = PBXGroup;
			children = (
				EB34E0ED19F4C590001CA342 /* menuicon.png */,
				EB88FE5C1A0A83E40056A932 /* badge01.gif */,
				EB88FE3E1A0A83800056A932 /* badge02.gif */,
				EB88FE3F1A0A83800056A932 /* badge03.gif */,
				EB88FE401A0A83800056A932 /* badge04.gif */,
				EB88FE411A0A83800056A932 /* badge05.gif */,
				EB88FE421A0A83800056A932 /* badge06.gif */,
				EB88FE431A0A83800056A932 /* badge07.gif */,
				EB88FE441A0A83800056A932 /* badge08.gif */,
				EB88FE451A0A83800056A932 /* badge09.gif */,
				EB88FE461A0A83800056A932 /* badge10.gif */,
				EB88FE471A0A83800056A932 /* badge11.gif */,
				EB88FE481A0A83800056A932 /* badge12.gif */,
				EB88FE491A0A83800056A932 /* badge13.gif */,
				EB88FE4A1A0A83800056A932 /* badge14.gif */,
				EB88FE4B1A0A83800056A932 /* badge15.gif */,
				EB88FE4C1A0A83800056A932 /* badge16.gif */,
				EB24DAFB1A07431700C791F7 /* detailBackground.jpg */,
				EB5C75D51A0483D500EDF2A3 /* background.jpg */,
			);
			name = SourceImages;
			sourceTree = "<group>";
		};
		EB9DE11319F03D2D0071FEEB /* AMSlideMenu */ = {
			isa = PBXGroup;
			children = (
				EB9DE11419F03D2D0071FEEB /* AMSlideMenuContentSegue.h */,
				EB9DE11519F03D2D0071FEEB /* AMSlideMenuContentSegue.m */,
				EB9DE11619F03D2D0071FEEB /* AMSlideMenuLeftMenuSegue.h */,
				EB9DE11719F03D2D0071FEEB /* AMSlideMenuLeftMenuSegue.m */,
				EB9DE11819F03D2D0071FEEB /* AMSlideMenuLeftTableViewController.h */,
				EB9DE11919F03D2D0071FEEB /* AMSlideMenuLeftTableViewController.m */,
				EB9DE11A19F03D2D0071FEEB /* AMSlideMenuMainViewController.h */,
				EB9DE11B19F03D2D0071FEEB /* AMSlideMenuMainViewController.m */,
				EB9DE11C19F03D2D0071FEEB /* AMSlideMenuProtocols.h */,
				EB9DE11D19F03D2D0071FEEB /* AMSlideMenuRightMenuSegue.h */,
				EB9DE11E19F03D2D0071FEEB /* AMSlideMenuRightMenuSegue.m */,
				EB9DE11F19F03D2D0071FEEB /* AMSlideMenuRightTableViewController.h */,
				EB9DE12019F03D2D0071FEEB /* AMSlideMenuRightTableViewController.m */,
				EB9DE12119F03D2D0071FEEB /* UIViewController+AMSlideMenu.h */,
				EB9DE12219F03D2D0071FEEB /* UIViewController+AMSlideMenu.m */,
			);
			path = AMSlideMenu;
			sourceTree = "<group>";
		};
		EBE89AE81A178074002D0DCA /* LicenseAddition */ = {
			isa = PBXGroup;
			children = (
				EBB4B0331A1CB5C40073EABD /* additionData.h */,
				EBB4B0341A1CB5C40073EABD /* additionData.m */,
				EBE89A981A176BA4002D0DCA /* selectMakerViewController.h */,
				EBE89A991A176BA4002D0DCA /* selectMakerViewController.m */,
				EBE89A9B1A176BFC002D0DCA /* selectSoftwareViewController.h */,
				EBE89A9C1A176BFC002D0DCA /* selectSoftwareViewController.m */,
				EBE89A9E1A176C15002D0DCA /* selectVersionViewController.h */,
				EBE89A9F1A176C15002D0DCA /* selectVersionViewController.m */,
				EBE89AA11A176C41002D0DCA /* licenseKeyViewController.h */,
				EBE89AA21A176C41002D0DCA /* licenseKeyViewController.m */,
				EBE89AA41A176C62002D0DCA /* inputDateViewController.h */,
				EBE89AA51A176C62002D0DCA /* inputDateViewController.m */,
				EBE89AA71A176C6F002D0DCA /* confirmViewController.h */,
				EBE89AA81A176C6F002D0DCA /* confirmViewController.m */,
			);
			name = LicenseAddition;
			sourceTree = "<group>";
		};
		EBE89AE91A17809D002D0DCA /* OtherLabView */ = {
			isa = PBXGroup;
			children = (
				EBE89AAA1A1771D4002D0DCA /* labViewController.h */,
				EBE89AAB1A1771D4002D0DCA /* labViewController.m */,
				F81A11D21A1898620064103A /* tabViewController.h */,
				F81A11D31A1898620064103A /* tabViewController.m */,
				EBE89AE51A177901002D0DCA /* otherBadgeViewController.h */,
				EBE89AE61A177901002D0DCA /* otherBadgeViewController.m */,
				F8A63E3D1A1BCE3200B34842 /* otherBadgeDetailViewController.h */,
				F8A63E3E1A1BCE3200B34842 /* otherBadgeDetailViewController.m */,
				F81A11D81A18C25B0064103A /* otherLicenseViewController.h */,
				F81A11D91A18C25B0064103A /* otherLicenseViewController.m */,
			);
			name = OtherLabView;
			sourceTree = "<group>";
		};
		F8A223C419EE6C0D00139991 = {
			isa = PBXGroup;
			children = (
				F8A223D619EE6C0D00139991 /* gyoumuApp1 */,
				F8A223F519EE6C0D00139991 /* gyoumuApp1Tests */,
				F8A223CF19EE6C0D00139991 /* Frameworks */,
				F8A223CE19EE6C0D00139991 /* Products */,
			);
			sourceTree = "<group>";
		};
		F8A223CE19EE6C0D00139991 /* Products */ = {
			isa = PBXGroup;
			children = (
				F8A223CD19EE6C0D00139991 /* gyoumuApp1.app */,
				F8A223EE19EE6C0D00139991 /* gyoumuApp1Tests.xctest */,
			);
			name = Products;
			sourceTree = "<group>";
		};
		F8A223CF19EE6C0D00139991 /* Frameworks */ = {
			isa = PBXGroup;
			children = (
				F87F6A7E19FA28E00088A0D6 /* QuartzCore.framework */,
				F8A223D019EE6C0D00139991 /* Foundation.framework */,
				F8A223D219EE6C0D00139991 /* CoreGraphics.framework */,
				F8A223D419EE6C0D00139991 /* UIKit.framework */,
				F8A223EF19EE6C0D00139991 /* XCTest.framework */,
			);
			name = Frameworks;
			sourceTree = "<group>";
		};
		F8A223D619EE6C0D00139991 /* gyoumuApp1 */ = {
			isa = PBXGroup;
			children = (
				EB9DE11319F03D2D0071FEEB /* AMSlideMenu */,
				F8A223DF19EE6C0D00139991 /* AppDelegate.h */,
				F8A223E019EE6C0D00139991 /* AppDelegate.m */,
				F81A121C1A1A2ACF0064103A /* WebdbConnect.h */,
				F81A121D1A1A2ACF0064103A /* WebdbConnect.m */,
				F8A223E519EE6C0D00139991 /* ViewController.h */,
				F8A223E619EE6C0D00139991 /* ViewController.m */,
				F889EFAD19EED0760049B3A7 /* PerViewController.h */,
				F889EFAE19EED0760049B3A7 /* PerViewController.m */,
				F87F6A3819F939740088A0D6 /* guestViewController.h */,
				F87F6A3919F939740088A0D6 /* guestViewController.m */,
				EB9DE12A19F03E910071FEEB /* MenuViewController.h */,
				EB9DE12B19F03E910071FEEB /* MenuViewController.m */,
				9C34C2841A05438C00F8B7D0 /* licenseAddViewController.h */,
				9C34C2851A05438C00F8B7D0 /* licenseAddViewController.m */,
				EBFEFC0E1A032CA100E548B5 /* BadgeViewController.h */,
				EBB974631A036BDA00030426 /* BadgeViewController.m */,
				EB24DAB51A0731A800C791F7 /* BadgeDetailViewController.h */,
				EB24DAB61A0731A800C791F7 /* BadgeDetailViewController.m */,
				F8B6F8DD1A1DDD2F009983D2 /* licenseTableViewController.h */,
				F8B6F8DE1A1DDD2F009983D2 /* licenseTableViewController.m */,
				EBE89AE81A178074002D0DCA /* LicenseAddition */,
				EBE89AE91A17809D002D0DCA /* OtherLabView */,
				EBD7DC551A1B4275009C6FFF /* progress1.png */,
				EBD7DC561A1B4275009C6FFF /* progress2.png */,
				EBD7DC571A1B4275009C6FFF /* progress3.png */,
				EBD7DC581A1B4275009C6FFF /* progress4.png */,
				EBD7DC591A1B4275009C6FFF /* progress5.png */,
				EBD7DC5A1A1B4275009C6FFF /* progress6.png */,
				EBD7DC611A1B43F9009C6FFF /* adobe.png */,
				EBD7DC631A1B45FB009C6FFF /* microsoft.png */,
				F8A223E819EE6C0D00139991 /* Images.xcassets */,
				F8A223D719EE6C0D00139991 /* Supporting Files */,
			);
			path = gyoumuApp1;
			sourceTree = "<group>";
		};
		F8A223D719EE6C0D00139991 /* Supporting Files */ = {
			isa = PBXGroup;
			children = (
				F8A223E219EE6C0D00139991 /* Main.storyboard */,
				EB88FE3D1A0A83340056A932 /* SourceImages */,
				F8F60B921A00D104002717F2 /* jsonUser.txt */,
				F8A223D819EE6C0D00139991 /* gyoumuApp1-Info.plist */,
				F8A223D919EE6C0D00139991 /* InfoPlist.strings */,
				F8A223DC19EE6C0D00139991 /* main.m */,
				F8A223DE19EE6C0D00139991 /* gyoumuApp1-Prefix.pch */,
			);
			name = "Supporting Files";
			sourceTree = "<group>";
		};
		F8A223F519EE6C0D00139991 /* gyoumuApp1Tests */ = {
			isa = PBXGroup;
			children = (
				F8A223FB19EE6C0D00139991 /* gyoumuApp1Tests.m */,
				F8A223F619EE6C0D00139991 /* Supporting Files */,
			);
			path = gyoumuApp1Tests;
			sourceTree = "<group>";
		};
		F8A223F619EE6C0D00139991 /* Supporting Files */ = {
			isa = PBXGroup;
			children = (
				F8A223F719EE6C0D00139991 /* gyoumuApp1Tests-Info.plist */,
				F8A223F819EE6C0D00139991 /* InfoPlist.strings */,
			);
			name = "Supporting Files";
			sourceTree = "<group>";
		};
/* End PBXGroup section */

/* Begin PBXNativeTarget section */
		F8A223CC19EE6C0D00139991 /* gyoumuApp1 */ = {
			isa = PBXNativeTarget;
			buildConfigurationList = F8A223FF19EE6C0D00139991 /* Build configuration list for PBXNativeTarget "gyoumuApp1" */;
			buildPhases = (
				F8A223C919EE6C0D00139991 /* Sources */,
				F8A223CA19EE6C0D00139991 /* Frameworks */,
				F8A223CB19EE6C0D00139991 /* Resources */,
			);
			buildRules = (
			);
			dependencies = (
			);
			name = gyoumuApp1;
			productName = gyoumuApp1;
			productReference = F8A223CD19EE6C0D00139991 /* gyoumuApp1.app */;
			productType = "com.apple.product-type.application";
		};
		F8A223ED19EE6C0D00139991 /* gyoumuApp1Tests */ = {
			isa = PBXNativeTarget;
			buildConfigurationList = F8A2240219EE6C0D00139991 /* Build configuration list for PBXNativeTarget "gyoumuApp1Tests" */;
			buildPhases = (
				F8A223EA19EE6C0D00139991 /* Sources */,
				F8A223EB19EE6C0D00139991 /* Frameworks */,
				F8A223EC19EE6C0D00139991 /* Resources */,
			);
			buildRules = (
			);
			dependencies = (
				F8A223F419EE6C0D00139991 /* PBXTargetDependency */,
			);
			name = gyoumuApp1Tests;
			productName = gyoumuApp1Tests;
			productReference = F8A223EE19EE6C0D00139991 /* gyoumuApp1Tests.xctest */;
			productType = "com.apple.product-type.bundle.unit-test";
		};
/* End PBXNativeTarget section */

/* Begin PBXProject section */
		F8A223C519EE6C0D00139991 /* Project object */ = {
			isa = PBXProject;
			attributes = {
				LastUpgradeCheck = 0510;
				ORGANIZATIONNAME = shota;
				TargetAttributes = {
					F8A223CC19EE6C0D00139991 = {
						DevelopmentTeam = 565CL88MF2;
					};
					F8A223ED19EE6C0D00139991 = {
						TestTargetID = F8A223CC19EE6C0D00139991;
					};
				};
			};
			buildConfigurationList = F8A223C819EE6C0D00139991 /* Build configuration list for PBXProject "gyoumuApp1" */;
			compatibilityVersion = "Xcode 3.2";
			developmentRegion = English;
			hasScannedForEncodings = 0;
			knownRegions = (
				en,
				Base,
			);
			mainGroup = F8A223C419EE6C0D00139991;
			productRefGroup = F8A223CE19EE6C0D00139991 /* Products */;
			projectDirPath = "";
			projectRoot = "";
			targets = (
				F8A223CC19EE6C0D00139991 /* gyoumuApp1 */,
				F8A223ED19EE6C0D00139991 /* gyoumuApp1Tests */,
			);
		};
/* End PBXProject section */

/* Begin PBXResourcesBuildPhase section */
		F8A223CB19EE6C0D00139991 /* Resources */ = {
			isa = PBXResourcesBuildPhase;
			buildActionMask = 2147483647;
			files = (
				EB88FE501A0A83800056A932 /* badge05.gif in Resources */,
				EB88FE5B1A0A83800056A932 /* badge16.gif in Resources */,
				EB88FE4F1A0A83800056A932 /* badge04.gif in Resources */,
				F8A223E919EE6C0D00139991 /* Images.xcassets in Resources */,
				EB88FE591A0A83800056A932 /* badge14.gif in Resources */,
				EBD7DC5C1A1B4275009C6FFF /* progress2.png in Resources */,
				EBD7DC5D1A1B4275009C6FFF /* progress3.png in Resources */,
				EB88FE551A0A83800056A932 /* badge10.gif in Resources */,
				EB88FE5A1A0A83800056A932 /* badge15.gif in Resources */,
				EB88FE581A0A83800056A932 /* badge13.gif in Resources */,
				EBD7DC5E1A1B4275009C6FFF /* progress4.png in Resources */,
				EB34E0EE19F4C590001CA342 /* menuicon.png in Resources */,
				F8F60B931A00D104002717F2 /* jsonUser.txt in Resources */,
				EB88FE541A0A83800056A932 /* badge09.gif in Resources */,
				EBD7DC621A1B43F9009C6FFF /* adobe.png in Resources */,
				EB5C75D61A0483D500EDF2A3 /* background.jpg in Resources */,
				EB88FE531A0A83800056A932 /* badge08.gif in Resources */,
				EB88FE4D1A0A83800056A932 /* badge02.gif in Resources */,
				EB88FE561A0A83800056A932 /* badge11.gif in Resources */,
				EB88FE571A0A83800056A932 /* badge12.gif in Resources */,
				EB88FE4E1A0A83800056A932 /* badge03.gif in Resources */,
				EBD7DC641A1B45FB009C6FFF /* microsoft.png in Resources */,
				EB88FE511A0A83800056A932 /* badge06.gif in Resources */,
				F8A223DB19EE6C0D00139991 /* InfoPlist.strings in Resources */,
				EBD7DC601A1B4275009C6FFF /* progress6.png in Resources */,
				EB88FE521A0A83800056A932 /* badge07.gif in Resources */,
				EB24DAFC1A07431700C791F7 /* detailBackground.jpg in Resources */,
				F8A223E419EE6C0D00139991 /* Main.storyboard in Resources */,
				EBD7DC5B1A1B4275009C6FFF /* progress1.png in Resources */,
				EBD7DC5F1A1B4275009C6FFF /* progress5.png in Resources */,
				EB88FE5D1A0A83E40056A932 /* badge01.gif in Resources */,
			);
			runOnlyForDeploymentPostprocessing = 0;
		};
		F8A223EC19EE6C0D00139991 /* Resources */ = {
			isa = PBXResourcesBuildPhase;
			buildActionMask = 2147483647;
			files = (
				F8A223FA19EE6C0D00139991 /* InfoPlist.strings in Resources */,
			);
			runOnlyForDeploymentPostprocessing = 0;
		};
/* End PBXResourcesBuildPhase section */

/* Begin PBXSourcesBuildPhase section */
		F8A223C919EE6C0D00139991 /* Sources */ = {
			isa = PBXSourcesBuildPhase;
			buildActionMask = 2147483647;
			files = (
				9C34C2861A05438C00F8B7D0 /* licenseAddViewController.m in Sources */,
				EB9DE12919F03D2D0071FEEB /* UIViewController+AMSlideMenu.m in Sources */,
				EB9DE12719F03D2D0071FEEB /* AMSlideMenuRightMenuSegue.m in Sources */,
				EBE89A9D1A176BFC002D0DCA /* selectSoftwareViewController.m in Sources */,
				EBB974641A036BDA00030426 /* BadgeViewController.m in Sources */,
				EBB4B0351A1CB5C40073EABD /* additionData.m in Sources */,
				F81A11DA1A18C25B0064103A /* otherLicenseViewController.m in Sources */,
				EB9DE12319F03D2D0071FEEB /* AMSlideMenuContentSegue.m in Sources */,
				F8A223E719EE6C0D00139991 /* ViewController.m in Sources */,
				EBE89AE71A177901002D0DCA /* otherBadgeViewController.m in Sources */,
				F81A11D41A1898620064103A /* tabViewController.m in Sources */,
				EBE89AA91A176C6F002D0DCA /* confirmViewController.m in Sources */,
				EB9DE12819F03D2D0071FEEB /* AMSlideMenuRightTableViewController.m in Sources */,
				EB24DAB71A0731A800C791F7 /* BadgeDetailViewController.m in Sources */,
				EBE89A9A1A176BA4002D0DCA /* selectMakerViewController.m in Sources */,
				EBE89AAC1A1771D4002D0DCA /* labViewController.m in Sources */,
				F8B6F8DF1A1DDD2F009983D2 /* licenseTableViewController.m in Sources */,
				EBE89AA61A176C62002D0DCA /* inputDateViewController.m in Sources */,
				EBE89AA31A176C41002D0DCA /* licenseKeyViewController.m in Sources */,
				F81A121E1A1A2ACF0064103A /* WebdbConnect.m in Sources */,
				EB9DE12619F03D2D0071FEEB /* AMSlideMenuMainViewController.m in Sources */,
				F8A63E3F1A1BCE3200B34842 /* otherBadgeDetailViewController.m in Sources */,
				EBE89AA01A176C15002D0DCA /* selectVersionViewController.m in Sources */,
				F889EFAF19EED0760049B3A7 /* PerViewController.m in Sources */,
				EB9DE12C19F03E910071FEEB /* MenuViewController.m in Sources */,
				F8A223E119EE6C0D00139991 /* AppDelegate.m in Sources */,
				EB9DE12519F03D2D0071FEEB /* AMSlideMenuLeftTableViewController.m in Sources */,
				EB9DE12419F03D2D0071FEEB /* AMSlideMenuLeftMenuSegue.m in Sources */,
				F8A223DD19EE6C0D00139991 /* main.m in Sources */,
				F87F6A3A19F939740088A0D6 /* guestViewController.m in Sources */,
			);
			runOnlyForDeploymentPostprocessing = 0;
		};
		F8A223EA19EE6C0D00139991 /* Sources */ = {
			isa = PBXSourcesBuildPhase;
			buildActionMask = 2147483647;
			files = (
				F8A223FC19EE6C0D00139991 /* gyoumuApp1Tests.m in Sources */,
			);
			runOnlyForDeploymentPostprocessing = 0;
		};
/* End PBXSourcesBuildPhase section */

/* Begin PBXTargetDependency section */
		F8A223F419EE6C0D00139991 /* PBXTargetDependency */ = {
			isa = PBXTargetDependency;
			target = F8A223CC19EE6C0D00139991 /* gyoumuApp1 */;
			targetProxy = F8A223F319EE6C0D00139991 /* PBXContainerItemProxy */;
		};
/* End PBXTargetDependency section */

/* Begin PBXVariantGroup section */
		F8A223D919EE6C0D00139991 /* InfoPlist.strings */ = {
			isa = PBXVariantGroup;
			children = (
				F8A223DA19EE6C0D00139991 /* en */,
			);
			name = InfoPlist.strings;
			sourceTree = "<group>";
		};
		F8A223E219EE6C0D00139991 /* Main.storyboard */ = {
			isa = PBXVariantGroup;
			children = (
				F8A223E319EE6C0D00139991 /* Base */,
			);
			name = Main.storyboard;
			sourceTree = "<group>";
		};
		F8A223F819EE6C0D00139991 /* InfoPlist.strings */ = {
			isa = PBXVariantGroup;
			children = (
				F8A223F919EE6C0D00139991 /* en */,
			);
			name = InfoPlist.strings;
			sourceTree = "<group>";
		};
/* End PBXVariantGroup section */

/* Begin XCBuildConfiguration section */
		F8A223FD19EE6C0D00139991 /* Debug */ = {
			isa = XCBuildConfiguration;
			buildSettings = {
				ALWAYS_SEARCH_USER_PATHS = NO;
				CLANG_CXX_LANGUAGE_STANDARD = "gnu++0x";
				CLANG_CXX_LIBRARY = "libc++";
				CLANG_ENABLE_MODULES = YES;
				CLANG_ENABLE_OBJC_ARC = YES;
				CLANG_WARN_BOOL_CONVERSION = YES;
				CLANG_WARN_CONSTANT_CONVERSION = YES;
				CLANG_WARN_DIRECT_OBJC_ISA_USAGE = YES_ERROR;
				CLANG_WARN_EMPTY_BODY = YES;
				CLANG_WARN_ENUM_CONVERSION = YES;
				CLANG_WARN_INT_CONVERSION = YES;
				CLANG_WARN_OBJC_ROOT_CLASS = YES_ERROR;
				CLANG_WARN__DUPLICATE_METHOD_MATCH = YES;
				"CODE_SIGN_IDENTITY[sdk=iphoneos*]" = "iPhone Developer";
				COPY_PHASE_STRIP = NO;
				GCC_C_LANGUAGE_STANDARD = gnu99;
				GCC_DYNAMIC_NO_PIC = NO;
				GCC_OPTIMIZATION_LEVEL = 0;
				GCC_PREPROCESSOR_DEFINITIONS = (
					"DEBUG=1",
					"$(inherited)",
				);
				GCC_SYMBOLS_PRIVATE_EXTERN = NO;
				GCC_WARN_64_TO_32_BIT_CONVERSION = YES;
				GCC_WARN_ABOUT_RETURN_TYPE = YES_ERROR;
				GCC_WARN_UNDECLARED_SELECTOR = YES;
				GCC_WARN_UNINITIALIZED_AUTOS = YES_AGGRESSIVE;
				GCC_WARN_UNUSED_FUNCTION = YES;
				GCC_WARN_UNUSED_VARIABLE = YES;
				IPHONEOS_DEPLOYMENT_TARGET = 7.1;
				ONLY_ACTIVE_ARCH = YES;
				SDKROOT = iphoneos;
				TARGETED_DEVICE_FAMILY = 2;
			};
			name = Debug;
		};
		F8A223FE19EE6C0D00139991 /* Release */ = {
			isa = XCBuildConfiguration;
			buildSettings = {
				ALWAYS_SEARCH_USER_PATHS = NO;
				CLANG_CXX_LANGUAGE_STANDARD = "gnu++0x";
				CLANG_CXX_LIBRARY = "libc++";
				CLANG_ENABLE_MODULES = YES;
				CLANG_ENABLE_OBJC_ARC = YES;
				CLANG_WARN_BOOL_CONVERSION = YES;
				CLANG_WARN_CONSTANT_CONVERSION = YES;
				CLANG_WARN_DIRECT_OBJC_ISA_USAGE = YES_ERROR;
				CLANG_WARN_EMPTY_BODY = YES;
				CLANG_WARN_ENUM_CONVERSION = YES;
				CLANG_WARN_INT_CONVERSION = YES;
				CLANG_WARN_OBJC_ROOT_CLASS = YES_ERROR;
				CLANG_WARN__DUPLICATE_METHOD_MATCH = YES;
				"CODE_SIGN_IDENTITY[sdk=iphoneos*]" = "iPhone Developer";
				COPY_PHASE_STRIP = YES;
				ENABLE_NS_ASSERTIONS = NO;
				GCC_C_LANGUAGE_STANDARD = gnu99;
				GCC_WARN_64_TO_32_BIT_CONVERSION = YES;
				GCC_WARN_ABOUT_RETURN_TYPE = YES_ERROR;
				GCC_WARN_UNDECLARED_SELECTOR = YES;
				GCC_WARN_UNINITIALIZED_AUTOS = YES_AGGRESSIVE;
				GCC_WARN_UNUSED_FUNCTION = YES;
				GCC_WARN_UNUSED_VARIABLE = YES;
				IPHONEOS_DEPLOYMENT_TARGET = 7.1;
				SDKROOT = iphoneos;
				TARGETED_DEVICE_FAMILY = 2;
				VALIDATE_PRODUCT = YES;
			};
			name = Release;
		};
		F8A2240019EE6C0D00139991 /* Debug */ = {
			isa = XCBuildConfiguration;
			buildSettings = {
				ASSETCATALOG_COMPILER_APPICON_NAME = AppIcon;
				ASSETCATALOG_COMPILER_LAUNCHIMAGE_NAME = LaunchImage;
				CODE_SIGN_IDENTITY = "iPhone Developer";
				"CODE_SIGN_IDENTITY[sdk=iphoneos*]" = "iPhone Developer";
				GCC_PRECOMPILE_PREFIX_HEADER = YES;
				GCC_PREFIX_HEADER = "gyoumuApp1/gyoumuApp1-Prefix.pch";
				INFOPLIST_FILE = "gyoumuApp1/gyoumuApp1-Info.plist";
				ONLY_ACTIVE_ARCH = YES;
				PRODUCT_NAME = "$(TARGET_NAME)";
				PROVISIONING_PROFILE = "";
				TARGETED_DEVICE_FAMILY = 2;
				VALID_ARCHS = "arm64 armv7 armv7s";
				WRAPPER_EXTENSION = app;
			};
			name = Debug;
		};
		F8A2240119EE6C0D00139991 /* Release */ = {
			isa = XCBuildConfiguration;
			buildSettings = {
				ASSETCATALOG_COMPILER_APPICON_NAME = AppIcon;
				ASSETCATALOG_COMPILER_LAUNCHIMAGE_NAME = LaunchImage;
				CODE_SIGN_IDENTITY = "iPhone Developer";
				"CODE_SIGN_IDENTITY[sdk=iphoneos*]" = "iPhone Developer";
				GCC_PRECOMPILE_PREFIX_HEADER = YES;
				GCC_PREFIX_HEADER = "gyoumuApp1/gyoumuApp1-Prefix.pch";
				INFOPLIST_FILE = "gyoumuApp1/gyoumuApp1-Info.plist";
				ONLY_ACTIVE_ARCH = NO;
				PRODUCT_NAME = "$(TARGET_NAME)";
				PROVISIONING_PROFILE = "";
				TARGETED_DEVICE_FAMILY = 2;
				VALID_ARCHS = "arm64 armv7 armv7s";
				WRAPPER_EXTENSION = app;
			};
			name = Release;
		};
		F8A2240319EE6C0D00139991 /* Debug */ = {
			isa = XCBuildConfiguration;
			buildSettings = {
				BUNDLE_LOADER = "$(BUILT_PRODUCTS_DIR)/gyoumuApp1.app/gyoumuApp1";
				FRAMEWORK_SEARCH_PATHS = (
					"$(SDKROOT)/Developer/Library/Frameworks",
					"$(inherited)",
					"$(DEVELOPER_FRAMEWORKS_DIR)",
				);
				GCC_PRECOMPILE_PREFIX_HEADER = YES;
				GCC_PREFIX_HEADER = "gyoumuApp1/gyoumuApp1-Prefix.pch";
				GCC_PREPROCESSOR_DEFINITIONS = (
					"DEBUG=1",
					"$(inherited)",
				);
				INFOPLIST_FILE = "gyoumuApp1Tests/gyoumuApp1Tests-Info.plist";
				PRODUCT_NAME = "$(TARGET_NAME)";
				TEST_HOST = "$(BUNDLE_LOADER)";
				WRAPPER_EXTENSION = xctest;
			};
			name = Debug;
		};
		F8A2240419EE6C0D00139991 /* Release */ = {
			isa = XCBuildConfiguration;
			buildSettings = {
				BUNDLE_LOADER = "$(BUILT_PRODUCTS_DIR)/gyoumuApp1.app/gyoumuApp1";
				FRAMEWORK_SEARCH_PATHS = (
					"$(SDKROOT)/Developer/Library/Frameworks",
					"$(inherited)",
					"$(DEVELOPER_FRAMEWORKS_DIR)",
				);
				GCC_PRECOMPILE_PREFIX_HEADER = YES;
				GCC_PREFIX_HEADER = "gyoumuApp1/gyoumuApp1-Prefix.pch";
				INFOPLIST_FILE = "gyoumuApp1Tests/gyoumuApp1Tests-Info.plist";
				PRODUCT_NAME = "$(TARGET_NAME)";
				TEST_HOST = "$(BUNDLE_LOADER)";
				WRAPPER_EXTENSION = xctest;
			};
			name = Release;
		};
/* End XCBuildConfiguration section */

/* Begin XCConfigurationList section */
		F8A223C819EE6C0D00139991 /* Build configuration list for PBXProject "gyoumuApp1" */ = {
			isa = XCConfigurationList;
			buildConfigurations = (
				F8A223FD19EE6C0D00139991 /* Debug */,
				F8A223FE19EE6C0D00139991 /* Release */,
			);
			defaultConfigurationIsVisible = 0;
			defaultConfigurationName = Release;
		};
		F8A223FF19EE6C0D00139991 /* Build configuration list for PBXNativeTarget "gyoumuApp1" */ = {
			isa = XCConfigurationList;
			buildConfigurations = (
				F8A2240019EE6C0D00139991 /* Debug */,
				F8A2240119EE6C0D00139991 /* Release */,
			);
			defaultConfigurationIsVisible = 0;
			defaultConfigurationName = Release;
		};
		F8A2240219EE6C0D00139991 /* Build configuration list for PBXNativeTarget "gyoumuApp1Tests" */ = {
			isa = XCConfigurationList;
			buildConfigurations = (
				F8A2240319EE6C0D00139991 /* Debug */,
				F8A2240419EE6C0D00139991 /* Release */,
			);
			defaultConfigurationIsVisible = 0;
			defaultConfigurationName = Release;
		};
/* End XCConfigurationList section */
	};
	rootObject = F8A223C519EE6C0D00139991 /* Project object */;
}
