// !$*UTF8*$!
{
	archiveVersion = 1;
	classes = {
	};
	objectVersion = 46;
	objects = {

/* Begin PBXBuildFile section */
		9C34C2861A05438C00F8B7D0 /* licenseAddViewController.m in Sources */ = {isa = PBXBuildFile; fileRef = 9C34C2851A05438C00F8B7D0 /* licenseAddViewController.m */; };
		9C683DBB1A2B1AA1002C8A5B /* checkBtn.png in Resources */ = {isa = PBXBuildFile; fileRef = 9C683DB81A2B1AA1002C8A5B /* checkBtn.png */; };
		9C683DBC1A2B1AA1002C8A5B /* checkBtn2.png in Resources */ = {isa = PBXBuildFile; fileRef = 9C683DB91A2B1AA1002C8A5B /* checkBtn2.png */; };
		9C683DBD1A2B1AA1002C8A5B /* checkLog.png in Resources */ = {isa = PBXBuildFile; fileRef = 9C683DBA1A2B1AA1002C8A5B /* checkLog.png */; };
		9C8D0F661A249EB700273ECB /* settingViewController.m in Sources */ = {isa = PBXBuildFile; fileRef = 9C8D0F651A249EB700273ECB /* settingViewController.m */; };
		9C8D0F771A25B3BD00273ECB /* badge01.png in Resources */ = {isa = PBXBuildFile; fileRef = 9C8D0F671A25B3BD00273ECB /* badge01.png */; };
		9C8D0F781A25B3BD00273ECB /* badge02.png in Resources */ = {isa = PBXBuildFile; fileRef = 9C8D0F681A25B3BD00273ECB /* badge02.png */; };
		9C8D0F791A25B3BD00273ECB /* badge03.png in Resources */ = {isa = PBXBuildFile; fileRef = 9C8D0F691A25B3BD00273ECB /* badge03.png */; };
		9C8D0F7A1A25B3BD00273ECB /* badge04.png in Resources */ = {isa = PBXBuildFile; fileRef = 9C8D0F6A1A25B3BD00273ECB /* badge04.png */; };
		9C8D0F7B1A25B3BD00273ECB /* badge05.png in Resources */ = {isa = PBXBuildFile; fileRef = 9C8D0F6B1A25B3BD00273ECB /* badge05.png */; };
		9C8D0F7C1A25B3BD00273ECB /* badge06.png in Resources */ = {isa = PBXBuildFile; fileRef = 9C8D0F6C1A25B3BD00273ECB /* badge06.png */; };
		9C8D0F7D1A25B3BD00273ECB /* badge07.png in Resources */ = {isa = PBXBuildFile; fileRef = 9C8D0F6D1A25B3BD00273ECB /* badge07.png */; };
		9C8D0F7E1A25B3BD00273ECB /* badge08.png in Resources */ = {isa = PBXBuildFile; fileRef = 9C8D0F6E1A25B3BD00273ECB /* badge08.png */; };
		9C8D0F7F1A25B3BD00273ECB /* badge09.png in Resources */ = {isa = PBXBuildFile; fileRef = 9C8D0F6F1A25B3BD00273ECB /* badge09.png */; };
		9C8D0F801A25B3BD00273ECB /* badge10.png in Resources */ = {isa = PBXBuildFile; fileRef = 9C8D0F701A25B3BD00273ECB /* badge10.png */; };
		9C8D0F831A25B3BD00273ECB /* badge13.png in Resources */ = {isa = PBXBuildFile; fileRef = 9C8D0F731A25B3BD00273ECB /* badge13.png */; };
		9CAE43C51A2EB4DD0046A980 /* otherbackground.jpg in Resources */ = {isa = PBXBuildFile; fileRef = 9CAE43C41A2EB4DD0046A980 /* otherbackground.jpg */; };
		EB24DAB71A0731A800C791F7 /* BadgeDetailViewController.m in Sources */ = {isa = PBXBuildFile; fileRef = EB24DAB61A0731A800C791F7 /* BadgeDetailViewController.m */; };
		EB24DAFC1A07431700C791F7 /* detailBackground.jpg in Resources */ = {isa = PBXBuildFile; fileRef = EB24DAFB1A07431700C791F7 /* detailBackground.jpg */; };
		EB34E0EE19F4C590001CA342 /* menuicon.png in Resources */ = {isa = PBXBuildFile; fileRef = EB34E0ED19F4C590001CA342 /* menuicon.png */; };
		EB5C75D61A0483D500EDF2A3 /* background.jpg in Resources */ = {isa = PBXBuildFile; fileRef = EB5C75D51A0483D500EDF2A3 /* background.jpg */; };
		EB7EB4391A23910500047F67 /* finishAddingViewController.m in Sources */ = {isa = PBXBuildFile; fileRef = EB7EB4381A23910500047F67 /* finishAddingViewController.m */; };
		EB9DE12319F03D2D0071FEEB /* AMSlideMenuContentSegue.m in Sources */ = {isa = PBXBuildFile; fileRef = EB9DE11519F03D2D0071FEEB /* AMSlideMenuContentSegue.m */; };
		EB9DE12419F03D2D0071FEEB /* AMSlideMenuLeftMenuSegue.m in Sources */ = {isa = PBXBuildFile; fileRef = EB9DE11719F03D2D0071FEEB /* AMSlideMenuLeftMenuSegue.m */; };
		EB9DE12519F03D2D0071FEEB /* AMSlideMenuLeftTableViewController.m in Sources */ = {isa = PBXBuildFile; fileRef = EB9DE11919F03D2D0071FEEB /* AMSlideMenuLeftTableViewController.m */; };
		EB9DE12619F03D2D0071FEEB /* AMSlideMenuMainViewController.m in Sources */ = {isa = PBXBuildFile; fileRef = EB9DE11B19F03D2D0071FEEB /* AMSlideMenuMainViewController.m */; };
		EB9DE12719F03D2D0071FEEB /* AMSlideMenuRightMenuSegue.m in Sources */ = {isa = PBXBuildFile; fileRef = EB9DE11E19F03D2D0071FEEB /* AMSlideMenuRightMenuSegue.m */; };
		EB9DE12819F03D2D0071FEEB /* AMSlideMenuRightTableViewController.m in Sources */ = {isa = PBXBuildFile; fileRef = EB9DE12019F03D2D0071FEEB /* AMSlideMenuRightTableViewController.m */; };
		EB9DE12919F03D2D0071FEEB /* UIViewController+AMSlideMenu.m in Sources */ = {isa = PBXBuildFile; fileRef = EB9DE12219F03D2D0071FEEB /* UIViewController+AMSlideMenu.m */; };
		EB9DE12C19F03E910071FEEB /* MenuViewController.m in Sources */ = {isa = PBXBuildFile; fileRef = EB9DE12B19F03E910071FEEB /* MenuViewController.m */; };
		EBB4B0351A1CB5C40073EABD /* additionData.m in Sources */ = {isa = PBXBuildFile; fileRef = EBB4B0341A1CB5C40073EABD /* additionData.m */; };
		EBB974641A036BDA00030426 /* BadgeViewController.m in Sources */ = {isa = PBXBuildFile; fileRef = EBB974631A036BDA00030426 /* BadgeViewController.m */; };
		EBD7DC5B1A1B4275009C6FFF /* progress1.png in Resources */ = {isa = PBXBuildFile; fileRef = EBD7DC551A1B4275009C6FFF /* progress1.png */; };
		EBD7DC5C1A1B4275009C6FFF /* progress2.png in Resources */ = {isa = PBXBuildFile; fileRef = EBD7DC561A1B4275009C6FFF /* progress2.png */; };
		EBD7DC5D1A1B4275009C6FFF /* progress3.png in Resources */ = {isa = PBXBuildFile; fileRef = EBD7DC571A1B4275009C6FFF /* progress3.png */; };
		EBD7DC5E1A1B4275009C6FFF /* progress4.png in Resources */ = {isa = PBXBuildFile; fileRef = EBD7DC581A1B4275009C6FFF /* progress4.png */; };
		EBD7DC5F1A1B4275009C6FFF /* progress5.png in Resources */ = {isa = PBXBuildFile; fileRef = EBD7DC591A1B4275009C6FFF /* progress5.png */; };
		EBD7DC601A1B4275009C6FFF /* progress6.png in Resources */ = {isa = PBXBuildFile; fileRef = EBD7DC5A1A1B4275009C6FFF /* progress6.png */; };
		EBD7DC621A1B43F9009C6FFF /* adobe.png in Resources */ = {isa = PBXBuildFile; fileRef = EBD7DC611A1B43F9009C6FFF /* adobe.png */; };
		EBD7DC641A1B45FB009C6FFF /* microsoft.png in Resources */ = {isa = PBXBuildFile; fileRef = EBD7DC631A1B45FB009C6FFF /* microsoft.png */; };
		EBE89A9A1A176BA4002D0DCA /* selectMakerViewController.m in Sources */ = {isa = PBXBuildFile; fileRef = EBE89A991A176BA4002D0DCA /* selectMakerViewController.m */; };
		EBE89A9D1A176BFC002D0DCA /* selectSoftwareViewController.m in Sources */ = {isa = PBXBuildFile; fileRef = EBE89A9C1A176BFC002D0DCA /* selectSoftwareViewController.m */; };
		EBE89AA01A176C15002D0DCA /* selectVersionViewController.m in Sources */ = {isa = PBXBuildFile; fileRef = EBE89A9F1A176C15002D0DCA /* selectVersionViewController.m */; };
		EBE89AA31A176C41002D0DCA /* licenseKeyViewController.m in Sources */ = {isa = PBXBuildFile; fileRef = EBE89AA21A176C41002D0DCA /* licenseKeyViewController.m */; };
		EBE89AA61A176C62002D0DCA /* inputDateViewController.m in Sources */ = {isa = PBXBuildFile; fileRef = EBE89AA51A176C62002D0DCA /* inputDateViewController.m */; };
		EBE89AA91A176C6F002D0DCA /* confirmViewController.m in Sources */ = {isa = PBXBuildFile; fileRef = EBE89AA81A176C6F002D0DCA /* confirmViewController.m */; };
		EBE89AAC1A1771D4002D0DCA /* labViewController.m in Sources */ = {isa = PBXBuildFile; fileRef = EBE89AAB1A1771D4002D0DCA /* labViewController.m */; };
		EBE89AE71A177901002D0DCA /* otherBadgeViewController.m in Sources */ = {isa = PBXBuildFile; fileRef = EBE89AE61A177901002D0DCA /* otherBadgeViewController.m */; };
		F81201071A3008A200670D65 /* guestLabViewController.m in Sources */ = {isa = PBXBuildFile; fileRef = F81201061A3008A200670D65 /* guestLabViewController.m */; };
		F812010A1A300B5900670D65 /* guestTabViewController.m in Sources */ = {isa = PBXBuildFile; fileRef = F81201091A300B5900670D65 /* guestTabViewController.m */; };
		F812010D1A30A2E600670D65 /* guestLicenseViewController.m in Sources */ = {isa = PBXBuildFile; fileRef = F812010C1A30A2E600670D65 /* guestLicenseViewController.m */; };
		F81201101A30A2FE00670D65 /* guestLicenseDetailViewController.m in Sources */ = {isa = PBXBuildFile; fileRef = F812010F1A30A2FE00670D65 /* guestLicenseDetailViewController.m */; };
		F81201131A30A31E00670D65 /* guestBadgeViewController.m in Sources */ = {isa = PBXBuildFile; fileRef = F81201121A30A31E00670D65 /* guestBadgeViewController.m */; };
		F81201161A30A6A600670D65 /* guestBadgeDetailViewController.m in Sources */ = {isa = PBXBuildFile; fileRef = F81201151A30A6A600670D65 /* guestBadgeDetailViewController.m */; };
		F81A11D41A1898620064103A /* tabViewController.m in Sources */ = {isa = PBXBuildFile; fileRef = F81A11D31A1898620064103A /* tabViewController.m */; };
		F81A121E1A1A2ACF0064103A /* WebdbConnect.m in Sources */ = {isa = PBXBuildFile; fileRef = F81A121D1A1A2ACF0064103A /* WebdbConnect.m */; };
		F81ACF151A2DEE9D0093201F /* badge11.png in Resources */ = {isa = PBXBuildFile; fileRef = F81ACF101A2DEE9D0093201F /* badge11.png */; };
		F81ACF161A2DEE9D0093201F /* badge12.png in Resources */ = {isa = PBXBuildFile; fileRef = F81ACF111A2DEE9D0093201F /* badge12.png */; };
		F81ACF1D1A2DF4800093201F /* badge14.png in Resources */ = {isa = PBXBuildFile; fileRef = F81ACF1A1A2DF4800093201F /* badge14.png */; };
		F81ACF1E1A2DF4800093201F /* badge15.png in Resources */ = {isa = PBXBuildFile; fileRef = F81ACF1B1A2DF4800093201F /* badge15.png */; };
		F81ACF1F1A2DF4800093201F /* badge16.png in Resources */ = {isa = PBXBuildFile; fileRef = F81ACF1C1A2DF4800093201F /* badge16.png */; };
		F8560B3D1A22B84B005AAEA9 /* licenseDetail.m in Sources */ = {isa = PBXBuildFile; fileRef = F8560B3C1A22B84B005AAEA9 /* licenseDetail.m */; };
		F87F6A7F19FA28E00088A0D6 /* QuartzCore.framework in Frameworks */ = {isa = PBXBuildFile; fileRef = F87F6A7E19FA28E00088A0D6 /* QuartzCore.framework */; };
		F889EFAF19EED0760049B3A7 /* PerViewController.m in Sources */ = {isa = PBXBuildFile; fileRef = F889EFAE19EED0760049B3A7 /* PerViewController.m */; };
		F88AB1891A21D05000CCE4E8 /* licenseCollect.m in Sources */ = {isa = PBXBuildFile; fileRef = F88AB1881A21D05000CCE4E8 /* licenseCollect.m */; };
		F8A223D119EE6C0D00139991 /* Foundation.framework in Frameworks */ = {isa = PBXBuildFile; fileRef = F8A223D019EE6C0D00139991 /* Foundation.framework */; };
		F8A223D319EE6C0D00139991 /* CoreGraphics.framework in Frameworks */ = {isa = PBXBuildFile; fileRef = F8A223D219EE6C0D00139991 /* CoreGraphics.framework */; };
		F8A223D519EE6C0D00139991 /* UIKit.framework in Frameworks */ = {isa = PBXBuildFile; fileRef = F8A223D419EE6C0D00139991 /* UIKit.framework */; };
		F8A223DB19EE6C0D00139991 /* InfoPlist.strings in Resources */ = {isa = PBXBuildFile; fileRef = F8A223D919EE6C0D00139991 /* InfoPlist.strings */; };
		F8A223DD19EE6C0D00139991 /* main.m in Sources */ = {isa = PBXBuildFile; fileRef = F8A223DC19EE6C0D00139991 /* main.m */; };
		F8A223E119EE6C0D00139991 /* AppDelegate.m in Sources */ = {isa = PBXBuildFile; fileRef = F8A223E019EE6C0D00139991 /* AppDelegate.m */; };
		F8A223E419EE6C0D00139991 /* Main.storyboard in Resources */ = {isa = PBXBuildFile; fileRef = F8A223E219EE6C0D00139991 /* Main.storyboard */; };
		F8A223E719EE6C0D00139991 /* ViewController.m in Sources */ = {isa = PBXBuildFile; fileRef = F8A223E619EE6C0D00139991 /* ViewController.m */; };
		F8A223E919EE6C0D00139991 /* Images.xcassets in Resources */ = {isa = PBXBuildFile; fileRef = F8A223E819EE6C0D00139991 /* Images.xcassets */; };
		F8A223F019EE6C0D00139991 /* XCTest.framework in Frameworks */ = {isa = PBXBuildFile; fileRef = F8A223EF19EE6C0D00139991 /* XCTest.framework */; };
		F8A223F119EE6C0D00139991 /* Foundation.framework in Frameworks */ = {isa = PBXBuildFile; fileRef = F8A223D019EE6C0D00139991 /* Foundation.framework */; };
		F8A223F219EE6C0D00139991 /* UIKit.framework in Frameworks */ = {isa = PBXBuildFile; fileRef = F8A223D419EE6C0D00139991 /* UIKit.framework */; };
		F8A223FA19EE6C0D00139991 /* InfoPlist.strings in Resources */ = {isa = PBXBuildFile; fileRef = F8A223F819EE6C0D00139991 /* InfoPlist.strings */; };
		F8A223FC19EE6C0D00139991 /* gyoumuApp1Tests.m in Sources */ = {isa = PBXBuildFile; fileRef = F8A223FB19EE6C0D00139991 /* gyoumuApp1Tests.m */; };
		F8A63E3F1A1BCE3200B34842 /* otherBadgeDetailViewController.m in Sources */ = {isa = PBXBuildFile; fileRef = F8A63E3E1A1BCE3200B34842 /* otherBadgeDetailViewController.m */; };
		F8B6F8DF1A1DDD2F009983D2 /* licenseTableViewController.m in Sources */ = {isa = PBXBuildFile; fileRef = F8B6F8DE1A1DDD2F009983D2 /* licenseTableViewController.m */; };
		F8C24FC51A22078C006DB833 /* licenseDetailViewController.m in Sources */ = {isa = PBXBuildFile; fileRef = F8C24FC41A22078C006DB833 /* licenseDetailViewController.m */; };
		F8C24FC81A22268F006DB833 /* otherLicenseDetailViewController.m in Sources */ = {isa = PBXBuildFile; fileRef = F8C24FC71A22268F006DB833 /* otherLicenseDetailViewController.m */; };
		F8F60B931A00D104002717F2 /* jsonUser.txt in Resources */ = {isa = PBXBuildFile; fileRef = F8F60B921A00D104002717F2 /* jsonUser.txt */; };
		F8FE9D6C1A1FD8950007D2EA /* otherLicenseViewController3.m in Sources */ = {isa = PBXBuildFile; fileRef = F8FE9D6B1A1FD8950007D2EA /* otherLicenseViewController3.m */; };
/* End PBXBuildFile section */

/* Begin PBXContainerItemProxy section */
		F8A223F319EE6C0D00139991 /* PBXContainerItemProxy */ = {
			isa = PBXContainerItemProxy;
			containerPortal = F8A223C519EE6C0D00139991 /* Project object */;
			proxyType = 1;
			remoteGlobalIDString = F8A223CC19EE6C0D00139991;
			remoteInfo = gyoumuApp1;
		};
/* End PBXContainerItemProxy section */

/* Begin PBXFileReference section */
		9C34C2841A05438C00F8B7D0 /* licenseAddViewController.h */ = {isa = PBXFileReference; fileEncoding = 4; lastKnownFileType = sourcecode.c.h; path = licenseAddViewController.h; sourceTree = "<group>"; };
		9C34C2851A05438C00F8B7D0 /* licenseAddViewController.m */ = {isa = PBXFileReference; fileEncoding = 4; lastKnownFileType = sourcecode.c.objc; path = licenseAddViewController.m; sourceTree = "<group>"; };
		9C683DB81A2B1AA1002C8A5B /* checkBtn.png */ = {isa = PBXFileReference; lastKnownFileType = image.png; path = checkBtn.png; sourceTree = "<group>"; };
		9C683DB91A2B1AA1002C8A5B /* checkBtn2.png */ = {isa = PBXFileReference; lastKnownFileType = image.png; path = checkBtn2.png; sourceTree = "<group>"; };
		9C683DBA1A2B1AA1002C8A5B /* checkLog.png */ = {isa = PBXFileReference; lastKnownFileType = image.png; path = checkLog.png; sourceTree = "<group>"; };
		9C8D0F641A249EB700273ECB /* settingViewController.h */ = {isa = PBXFileReference; fileEncoding = 4; lastKnownFileType = sourcecode.c.h; path = settingViewController.h; sourceTree = "<group>"; };
		9C8D0F651A249EB700273ECB /* settingViewController.m */ = {isa = PBXFileReference; fileEncoding = 4; lastKnownFileType = sourcecode.c.objc; path = settingViewController.m; sourceTree = "<group>"; };
		9C8D0F671A25B3BD00273ECB /* badge01.png */ = {isa = PBXFileReference; lastKnownFileType = image.png; path = badge01.png; sourceTree = "<group>"; };
		9C8D0F681A25B3BD00273ECB /* badge02.png */ = {isa = PBXFileReference; lastKnownFileType = image.png; path = badge02.png; sourceTree = "<group>"; };
		9C8D0F691A25B3BD00273ECB /* badge03.png */ = {isa = PBXFileReference; lastKnownFileType = image.png; path = badge03.png; sourceTree = "<group>"; };
		9C8D0F6A1A25B3BD00273ECB /* badge04.png */ = {isa = PBXFileReference; lastKnownFileType = image.png; path = badge04.png; sourceTree = "<group>"; };
		9C8D0F6B1A25B3BD00273ECB /* badge05.png */ = {isa = PBXFileReference; lastKnownFileType = image.png; path = badge05.png; sourceTree = "<group>"; };
		9C8D0F6C1A25B3BD00273ECB /* badge06.png */ = {isa = PBXFileReference; lastKnownFileType = image.png; path = badge06.png; sourceTree = "<group>"; };
		9C8D0F6D1A25B3BD00273ECB /* badge07.png */ = {isa = PBXFileReference; lastKnownFileType = image.png; path = badge07.png; sourceTree = "<group>"; };
		9C8D0F6E1A25B3BD00273ECB /* badge08.png */ = {isa = PBXFileReference; lastKnownFileType = image.png; path = badge08.png; sourceTree = "<group>"; };
		9C8D0F6F1A25B3BD00273ECB /* badge09.png */ = {isa = PBXFileReference; lastKnownFileType = image.png; path = badge09.png; sourceTree = "<group>"; };
		9C8D0F701A25B3BD00273ECB /* badge10.png */ = {isa = PBXFileReference; lastKnownFileType = image.png; path = badge10.png; sourceTree = "<group>"; };
		9C8D0F731A25B3BD00273ECB /* badge13.png */ = {isa = PBXFileReference; lastKnownFileType = image.png; path = badge13.png; sourceTree = "<group>"; };
		9CAE43C41A2EB4DD0046A980 /* otherbackground.jpg */ = {isa = PBXFileReference; lastKnownFileType = image.jpeg; path = otherbackground.jpg; sourceTree = "<group>"; };
		EB24DAB51A0731A800C791F7 /* BadgeDetailViewController.h */ = {isa = PBXFileReference; fileEncoding = 4; lastKnownFileType = sourcecode.c.h; path = BadgeDetailViewController.h; sourceTree = "<group>"; };
		EB24DAB61A0731A800C791F7 /* BadgeDetailViewController.m */ = {isa = PBXFileReference; fileEncoding = 4; lastKnownFileType = sourcecode.c.objc; path = BadgeDetailViewController.m; sourceTree = "<group>"; };
		EB24DAFB1A07431700C791F7 /* detailBackground.jpg */ = {isa = PBXFileReference; lastKnownFileType = image.jpeg; path = detailBackground.jpg; sourceTree = "<group>"; };
		EB34E0ED19F4C590001CA342 /* menuicon.png */ = {isa = PBXFileReference; lastKnownFileType = image.png; path = menuicon.png; sourceTree = "<group>"; };
		EB5C75D51A0483D500EDF2A3 /* background.jpg */ = {isa = PBXFileReference; lastKnownFileType = image.jpeg; path = background.jpg; sourceTree = "<group>"; };
		EB7EB4371A23910500047F67 /* finishAddingViewController.h */ = {isa = PBXFileReference; fileEncoding = 4; lastKnownFileType = sourcecode.c.h; path = finishAddingViewController.h; sourceTree = "<group>"; };
		EB7EB4381A23910500047F67 /* finishAddingViewController.m */ = {isa = PBXFileReference; fileEncoding = 4; lastKnownFileType = sourcecode.c.objc; path = finishAddingViewController.m; sourceTree = "<group>"; };
		EB9DE11419F03D2D0071FEEB /* AMSlideMenuContentSegue.h */ = {isa = PBXFileReference; fileEncoding = 4; lastKnownFileType = sourcecode.c.h; path = AMSlideMenuContentSegue.h; sourceTree = "<group>"; };
		EB9DE11519F03D2D0071FEEB /* AMSlideMenuContentSegue.m */ = {isa = PBXFileReference; fileEncoding = 4; lastKnownFileType = sourcecode.c.objc; path = AMSlideMenuContentSegue.m; sourceTree = "<group>"; };
		EB9DE11619F03D2D0071FEEB /* AMSlideMenuLeftMenuSegue.h */ = {isa = PBXFileReference; fileEncoding = 4; lastKnownFileType = sourcecode.c.h; path = AMSlideMenuLeftMenuSegue.h; sourceTree = "<group>"; };
		EB9DE11719F03D2D0071FEEB /* AMSlideMenuLeftMenuSegue.m */ = {isa = PBXFileReference; fileEncoding = 4; lastKnownFileType = sourcecode.c.objc; path = AMSlideMenuLeftMenuSegue.m; sourceTree = "<group>"; };
		EB9DE11819F03D2D0071FEEB /* AMSlideMenuLeftTableViewController.h */ = {isa = PBXFileReference; fileEncoding = 4; lastKnownFileType = sourcecode.c.h; path = AMSlideMenuLeftTableViewController.h; sourceTree = "<group>"; };
		EB9DE11919F03D2D0071FEEB /* AMSlideMenuLeftTableViewController.m */ = {isa = PBXFileReference; fileEncoding = 4; lastKnownFileType = sourcecode.c.objc; path = AMSlideMenuLeftTableViewController.m; sourceTree = "<group>"; };
		EB9DE11A19F03D2D0071FEEB /* AMSlideMenuMainViewController.h */ = {isa = PBXFileReference; fileEncoding = 4; lastKnownFileType = sourcecode.c.h; path = AMSlideMenuMainViewController.h; sourceTree = "<group>"; };
		EB9DE11B19F03D2D0071FEEB /* AMSlideMenuMainViewController.m */ = {isa = PBXFileReference; fileEncoding = 4; lastKnownFileType = sourcecode.c.objc; path = AMSlideMenuMainViewController.m; sourceTree = "<group>"; };
		EB9DE11C19F03D2D0071FEEB /* AMSlideMenuProtocols.h */ = {isa = PBXFileReference; fileEncoding = 4; lastKnownFileType = sourcecode.c.h; path = AMSlideMenuProtocols.h; sourceTree = "<group>"; };
		EB9DE11D19F03D2D0071FEEB /* AMSlideMenuRightMenuSegue.h */ = {isa = PBXFileReference; fileEncoding = 4; lastKnownFileType = sourcecode.c.h; path = AMSlideMenuRightMenuSegue.h; sourceTree = "<group>"; };
		EB9DE11E19F03D2D0071FEEB /* AMSlideMenuRightMenuSegue.m */ = {isa = PBXFileReference; fileEncoding = 4; lastKnownFileType = sourcecode.c.objc; path = AMSlideMenuRightMenuSegue.m; sourceTree = "<group>"; };
		EB9DE11F19F03D2D0071FEEB /* AMSlideMenuRightTableViewController.h */ = {isa = PBXFileReference; fileEncoding = 4; lastKnownFileType = sourcecode.c.h; path = AMSlideMenuRightTableViewController.h; sourceTree = "<group>"; };
		EB9DE12019F03D2D0071FEEB /* AMSlideMenuRightTableViewController.m */ = {isa = PBXFileReference; fileEncoding = 4; lastKnownFileType = sourcecode.c.objc; path = AMSlideMenuRightTableViewController.m; sourceTree = "<group>"; };
		EB9DE12119F03D2D0071FEEB /* UIViewController+AMSlideMenu.h */ = {isa = PBXFileReference; fileEncoding = 4; lastKnownFileType = sourcecode.c.h; path = "UIViewController+AMSlideMenu.h"; sourceTree = "<group>"; };
		EB9DE12219F03D2D0071FEEB /* UIViewController+AMSlideMenu.m */ = {isa = PBXFileReference; fileEncoding = 4; lastKnownFileType = sourcecode.c.objc; path = "UIViewController+AMSlideMenu.m"; sourceTree = "<group>"; };
		EB9DE12A19F03E910071FEEB /* MenuViewController.h */ = {isa = PBXFileReference; fileEncoding = 4; lastKnownFileType = sourcecode.c.h; path = MenuViewController.h; sourceTree = "<group>"; };
		EB9DE12B19F03E910071FEEB /* MenuViewController.m */ = {isa = PBXFileReference; fileEncoding = 4; lastKnownFileType = sourcecode.c.objc; path = MenuViewController.m; sourceTree = "<group>"; };
		EBB4B0331A1CB5C40073EABD /* additionData.h */ = {isa = PBXFileReference; fileEncoding = 4; lastKnownFileType = sourcecode.c.h; path = additionData.h; sourceTree = "<group>"; };
		EBB4B0341A1CB5C40073EABD /* additionData.m */ = {isa = PBXFileReference; fileEncoding = 4; lastKnownFileType = sourcecode.c.objc; path = additionData.m; sourceTree = "<group>"; };
		EBB974631A036BDA00030426 /* BadgeViewController.m */ = {isa = PBXFileReference; fileEncoding = 4; lastKnownFileType = sourcecode.c.objc; path = BadgeViewController.m; sourceTree = "<group>"; };
		EBD7DC551A1B4275009C6FFF /* progress1.png */ = {isa = PBXFileReference; lastKnownFileType = image.png; path = progress1.png; sourceTree = "<group>"; };
		EBD7DC561A1B4275009C6FFF /* progress2.png */ = {isa = PBXFileReference; lastKnownFileType = image.png; path = progress2.png; sourceTree = "<group>"; };
		EBD7DC571A1B4275009C6FFF /* progress3.png */ = {isa = PBXFileReference; lastKnownFileType = image.png; path = progress3.png; sourceTree = "<group>"; };
		EBD7DC581A1B4275009C6FFF /* progress4.png */ = {isa = PBXFileReference; lastKnownFileType = image.png; path = progress4.png; sourceTree = "<group>"; };
		EBD7DC591A1B4275009C6FFF /* progress5.png */ = {isa = PBXFileReference; lastKnownFileType = image.png; path = progress5.png; sourceTree = "<group>"; };
		EBD7DC5A1A1B4275009C6FFF /* progress6.png */ = {isa = PBXFileReference; lastKnownFileType = image.png; path = progress6.png; sourceTree = "<group>"; };
		EBD7DC611A1B43F9009C6FFF /* adobe.png */ = {isa = PBXFileReference; lastKnownFileType = image.png; path = adobe.png; sourceTree = "<group>"; };
		EBD7DC631A1B45FB009C6FFF /* microsoft.png */ = {isa = PBXFileReference; lastKnownFileType = image.png; path = microsoft.png; sourceTree = "<group>"; };
		EBE89A981A176BA4002D0DCA /* selectMakerViewController.h */ = {isa = PBXFileReference; fileEncoding = 4; lastKnownFileType = sourcecode.c.h; path = selectMakerViewController.h; sourceTree = "<group>"; };
		EBE89A991A176BA4002D0DCA /* selectMakerViewController.m */ = {isa = PBXFileReference; fileEncoding = 4; lastKnownFileType = sourcecode.c.objc; path = selectMakerViewController.m; sourceTree = "<group>"; };
		EBE89A9B1A176BFC002D0DCA /* selectSoftwareViewController.h */ = {isa = PBXFileReference; fileEncoding = 4; lastKnownFileType = sourcecode.c.h; path = selectSoftwareViewController.h; sourceTree = "<group>"; };
		EBE89A9C1A176BFC002D0DCA /* selectSoftwareViewController.m */ = {isa = PBXFileReference; fileEncoding = 4; lastKnownFileType = sourcecode.c.objc; path = selectSoftwareViewController.m; sourceTree = "<group>"; };
		EBE89A9E1A176C15002D0DCA /* selectVersionViewController.h */ = {isa = PBXFileReference; fileEncoding = 4; lastKnownFileType = sourcecode.c.h; path = selectVersionViewController.h; sourceTree = "<group>"; };
		EBE89A9F1A176C15002D0DCA /* selectVersionViewController.m */ = {isa = PBXFileReference; fileEncoding = 4; lastKnownFileType = sourcecode.c.objc; path = selectVersionViewController.m; sourceTree = "<group>"; };
		EBE89AA11A176C41002D0DCA /* licenseKeyViewController.h */ = {isa = PBXFileReference; fileEncoding = 4; lastKnownFileType = sourcecode.c.h; path = licenseKeyViewController.h; sourceTree = "<group>"; };
		EBE89AA21A176C41002D0DCA /* licenseKeyViewController.m */ = {isa = PBXFileReference; fileEncoding = 4; lastKnownFileType = sourcecode.c.objc; path = licenseKeyViewController.m; sourceTree = "<group>"; };
		EBE89AA41A176C62002D0DCA /* inputDateViewController.h */ = {isa = PBXFileReference; fileEncoding = 4; lastKnownFileType = sourcecode.c.h; path = inputDateViewController.h; sourceTree = "<group>"; };
		EBE89AA51A176C62002D0DCA /* inputDateViewController.m */ = {isa = PBXFileReference; fileEncoding = 4; lastKnownFileType = sourcecode.c.objc; path = inputDateViewController.m; sourceTree = "<group>"; };
		EBE89AA71A176C6F002D0DCA /* confirmViewController.h */ = {isa = PBXFileReference; fileEncoding = 4; lastKnownFileType = sourcecode.c.h; path = confirmViewController.h; sourceTree = "<group>"; };
		EBE89AA81A176C6F002D0DCA /* confirmViewController.m */ = {isa = PBXFileReference; fileEncoding = 4; lastKnownFileType = sourcecode.c.objc; path = confirmViewController.m; sourceTree = "<group>"; };
		EBE89AAA1A1771D4002D0DCA /* labViewController.h */ = {isa = PBXFileReference; fileEncoding = 4; lastKnownFileType = sourcecode.c.h; path = labViewController.h; sourceTree = "<group>"; };
		EBE89AAB1A1771D4002D0DCA /* labViewController.m */ = {isa = PBXFileReference; fileEncoding = 4; lastKnownFileType = sourcecode.c.objc; path = labViewController.m; sourceTree = "<group>"; };
		EBE89AE51A177901002D0DCA /* otherBadgeViewController.h */ = {isa = PBXFileReference; fileEncoding = 4; lastKnownFileType = sourcecode.c.h; path = otherBadgeViewController.h; sourceTree = "<group>"; };
		EBE89AE61A177901002D0DCA /* otherBadgeViewController.m */ = {isa = PBXFileReference; fileEncoding = 4; lastKnownFileType = sourcecode.c.objc; path = otherBadgeViewController.m; sourceTree = "<group>"; };
		EBFEFC0E1A032CA100E548B5 /* BadgeViewController.h */ = {isa = PBXFileReference; fileEncoding = 4; lastKnownFileType = sourcecode.c.h; path = BadgeViewController.h; sourceTree = "<group>"; };
		F81201051A3008A200670D65 /* guestLabViewController.h */ = {isa = PBXFileReference; fileEncoding = 4; lastKnownFileType = sourcecode.c.h; path = guestLabViewController.h; sourceTree = "<group>"; };
		F81201061A3008A200670D65 /* guestLabViewController.m */ = {isa = PBXFileReference; fileEncoding = 4; lastKnownFileType = sourcecode.c.objc; path = guestLabViewController.m; sourceTree = "<group>"; };
		F81201081A300B5900670D65 /* guestTabViewController.h */ = {isa = PBXFileReference; fileEncoding = 4; lastKnownFileType = sourcecode.c.h; path = guestTabViewController.h; sourceTree = "<group>"; };
		F81201091A300B5900670D65 /* guestTabViewController.m */ = {isa = PBXFileReference; fileEncoding = 4; lastKnownFileType = sourcecode.c.objc; path = guestTabViewController.m; sourceTree = "<group>"; };
		F812010B1A30A2E600670D65 /* guestLicenseViewController.h */ = {isa = PBXFileReference; fileEncoding = 4; lastKnownFileType = sourcecode.c.h; path = guestLicenseViewController.h; sourceTree = "<group>"; };
		F812010C1A30A2E600670D65 /* guestLicenseViewController.m */ = {isa = PBXFileReference; fileEncoding = 4; lastKnownFileType = sourcecode.c.objc; path = guestLicenseViewController.m; sourceTree = "<group>"; };
		F812010E1A30A2FE00670D65 /* guestLicenseDetailViewController.h */ = {isa = PBXFileReference; fileEncoding = 4; lastKnownFileType = sourcecode.c.h; path = guestLicenseDetailViewController.h; sourceTree = "<group>"; };
		F812010F1A30A2FE00670D65 /* guestLicenseDetailViewController.m */ = {isa = PBXFileReference; fileEncoding = 4; lastKnownFileType = sourcecode.c.objc; path = guestLicenseDetailViewController.m; sourceTree = "<group>"; };
		F81201111A30A31E00670D65 /* guestBadgeViewController.h */ = {isa = PBXFileReference; fileEncoding = 4; lastKnownFileType = sourcecode.c.h; path = guestBadgeViewController.h; sourceTree = "<group>"; };
		F81201121A30A31E00670D65 /* guestBadgeViewController.m */ = {isa = PBXFileReference; fileEncoding = 4; lastKnownFileType = sourcecode.c.objc; path = guestBadgeViewController.m; sourceTree = "<group>"; };
		F81201141A30A6A600670D65 /* guestBadgeDetailViewController.h */ = {isa = PBXFileReference; fileEncoding = 4; lastKnownFileType = sourcecode.c.h; path = guestBadgeDetailViewController.h; sourceTree = "<group>"; };
		F81201151A30A6A600670D65 /* guestBadgeDetailViewController.m */ = {isa = PBXFileReference; fileEncoding = 4; lastKnownFileType = sourcecode.c.objc; path = guestBadgeDetailViewController.m; sourceTree = "<group>"; };
		F81A11D21A1898620064103A /* tabViewController.h */ = {isa = PBXFileReference; fileEncoding = 4; lastKnownFileType = sourcecode.c.h; path = tabViewController.h; sourceTree = "<group>"; };
		F81A11D31A1898620064103A /* tabViewController.m */ = {isa = PBXFileReference; fileEncoding = 4; lastKnownFileType = sourcecode.c.objc; path = tabViewController.m; sourceTree = "<group>"; };
		F81A121C1A1A2ACF0064103A /* WebdbConnect.h */ = {isa = PBXFileReference; fileEncoding = 4; lastKnownFileType = sourcecode.c.h; path = WebdbConnect.h; sourceTree = "<group>"; };
		F81A121D1A1A2ACF0064103A /* WebdbConnect.m */ = {isa = PBXFileReference; fileEncoding = 4; lastKnownFileType = sourcecode.c.objc; path = WebdbConnect.m; sourceTree = "<group>"; };
		F81ACF101A2DEE9D0093201F /* badge11.png */ = {isa = PBXFileReference; lastKnownFileType = image.png; path = badge11.png; sourceTree = "<group>"; };
		F81ACF111A2DEE9D0093201F /* badge12.png */ = {isa = PBXFileReference; lastKnownFileType = image.png; path = badge12.png; sourceTree = "<group>"; };
		F81ACF1A1A2DF4800093201F /* badge14.png */ = {isa = PBXFileReference; lastKnownFileType = image.png; path = badge14.png; sourceTree = "<group>"; };
		F81ACF1B1A2DF4800093201F /* badge15.png */ = {isa = PBXFileReference; lastKnownFileType = image.png; path = badge15.png; sourceTree = "<group>"; };
		F81ACF1C1A2DF4800093201F /* badge16.png */ = {isa = PBXFileReference; lastKnownFileType = image.png; path = badge16.png; sourceTree = "<group>"; };
		F8560B3B1A22B84B005AAEA9 /* licenseDetail.h */ = {isa = PBXFileReference; fileEncoding = 4; lastKnownFileType = sourcecode.c.h; path = licenseDetail.h; sourceTree = "<group>"; };
		F8560B3C1A22B84B005AAEA9 /* licenseDetail.m */ = {isa = PBXFileReference; fileEncoding = 4; lastKnownFileType = sourcecode.c.objc; path = licenseDetail.m; sourceTree = "<group>"; };
		F87F6A7E19FA28E00088A0D6 /* QuartzCore.framework */ = {isa = PBXFileReference; lastKnownFileType = wrapper.framework; name = QuartzCore.framework; path = System/Library/Frameworks/QuartzCore.framework; sourceTree = SDKROOT; };
		F889EFAD19EED0760049B3A7 /* PerViewController.h */ = {isa = PBXFileReference; fileEncoding = 4; lastKnownFileType = sourcecode.c.h; path = PerViewController.h; sourceTree = "<group>"; };
		F889EFAE19EED0760049B3A7 /* PerViewController.m */ = {isa = PBXFileReference; fileEncoding = 4; lastKnownFileType = sourcecode.c.objc; path = PerViewController.m; sourceTree = "<group>"; };
		F88AB1871A21D05000CCE4E8 /* licenseCollect.h */ = {isa = PBXFileReference; fileEncoding = 4; lastKnownFileType = sourcecode.c.h; path = licenseCollect.h; sourceTree = "<group>"; };
		F88AB1881A21D05000CCE4E8 /* licenseCollect.m */ = {isa = PBXFileReference; fileEncoding = 4; lastKnownFileType = sourcecode.c.objc; path = licenseCollect.m; sourceTree = "<group>"; };
		F8A223CD19EE6C0D00139991 /* gyoumuApp1.app */ = {isa = PBXFileReference; explicitFileType = wrapper.application; includeInIndex = 0; path = gyoumuApp1.app; sourceTree = BUILT_PRODUCTS_DIR; };
		F8A223D019EE6C0D00139991 /* Foundation.framework */ = {isa = PBXFileReference; lastKnownFileType = wrapper.framework; name = Foundation.framework; path = System/Library/Frameworks/Foundation.framework; sourceTree = SDKROOT; };
		F8A223D219EE6C0D00139991 /* CoreGraphics.framework */ = {isa = PBXFileReference; lastKnownFileType = wrapper.framework; name = CoreGraphics.framework; path = System/Library/Frameworks/CoreGraphics.framework; sourceTree = SDKROOT; };
		F8A223D419EE6C0D00139991 /* UIKit.framework */ = {isa = PBXFileReference; lastKnownFileType = wrapper.framework; name = UIKit.framework; path = System/Library/Frameworks/UIKit.framework; sourceTree = SDKROOT; };
		F8A223D819EE6C0D00139991 /* gyoumuApp1-Info.plist */ = {isa = PBXFileReference; lastKnownFileType = text.plist.xml; path = "gyoumuApp1-Info.plist"; sourceTree = "<group>"; };
		F8A223DA19EE6C0D00139991 /* en */ = {isa = PBXFileReference; lastKnownFileType = text.plist.strings; name = en; path = en.lproj/InfoPlist.strings; sourceTree = "<group>"; };
		F8A223DC19EE6C0D00139991 /* main.m */ = {isa = PBXFileReference; lastKnownFileType = sourcecode.c.objc; path = main.m; sourceTree = "<group>"; };
		F8A223DE19EE6C0D00139991 /* gyoumuApp1-Prefix.pch */ = {isa = PBXFileReference; lastKnownFileType = sourcecode.c.h; path = "gyoumuApp1-Prefix.pch"; sourceTree = "<group>"; };
		F8A223DF19EE6C0D00139991 /* AppDelegate.h */ = {isa = PBXFileReference; lastKnownFileType = sourcecode.c.h; path = AppDelegate.h; sourceTree = "<group>"; };
		F8A223E019EE6C0D00139991 /* AppDelegate.m */ = {isa = PBXFileReference; lastKnownFileType = sourcecode.c.objc; path = AppDelegate.m; sourceTree = "<group>"; };
		F8A223E319EE6C0D00139991 /* Base */ = {isa = PBXFileReference; lastKnownFileType = file.storyboard; name = Base; path = Base.lproj/Main.storyboard; sourceTree = "<group>"; };
		F8A223E519EE6C0D00139991 /* ViewController.h */ = {isa = PBXFileReference; lastKnownFileType = sourcecode.c.h; path = ViewController.h; sourceTree = "<group>"; };
		F8A223E619EE6C0D00139991 /* ViewController.m */ = {isa = PBXFileReference; lastKnownFileType = sourcecode.c.objc; path = ViewController.m; sourceTree = "<group>"; };
		F8A223E819EE6C0D00139991 /* Images.xcassets */ = {isa = PBXFileReference; lastKnownFileType = folder.assetcatalog; path = Images.xcassets; sourceTree = "<group>"; };
		F8A223EE19EE6C0D00139991 /* gyoumuApp1Tests.xctest */ = {isa = PBXFileReference; explicitFileType = wrapper.cfbundle; includeInIndex = 0; path = gyoumuApp1Tests.xctest; sourceTree = BUILT_PRODUCTS_DIR; };
		F8A223EF19EE6C0D00139991 /* XCTest.framework */ = {isa = PBXFileReference; lastKnownFileType = wrapper.framework; name = XCTest.framework; path = Library/Frameworks/XCTest.framework; sourceTree = DEVELOPER_DIR; };
		F8A223F719EE6C0D00139991 /* gyoumuApp1Tests-Info.plist */ = {isa = PBXFileReference; lastKnownFileType = text.plist.xml; path = "gyoumuApp1Tests-Info.plist"; sourceTree = "<group>"; };
		F8A223F919EE6C0D00139991 /* en */ = {isa = PBXFileReference; lastKnownFileType = text.plist.strings; name = en; path = en.lproj/InfoPlist.strings; sourceTree = "<group>"; };
		F8A223FB19EE6C0D00139991 /* gyoumuApp1Tests.m */ = {isa = PBXFileReference; lastKnownFileType = sourcecode.c.objc; path = gyoumuApp1Tests.m; sourceTree = "<group>"; };
		F8A63E3D1A1BCE3200B34842 /* otherBadgeDetailViewController.h */ = {isa = PBXFileReference; fileEncoding = 4; lastKnownFileType = sourcecode.c.h; path = otherBadgeDetailViewController.h; sourceTree = "<group>"; };
		F8A63E3E1A1BCE3200B34842 /* otherBadgeDetailViewController.m */ = {isa = PBXFileReference; fileEncoding = 4; lastKnownFileType = sourcecode.c.objc; path = otherBadgeDetailViewController.m; sourceTree = "<group>"; };
		F8B6F8DD1A1DDD2F009983D2 /* licenseTableViewController.h */ = {isa = PBXFileReference; fileEncoding = 4; lastKnownFileType = sourcecode.c.h; path = licenseTableViewController.h; sourceTree = "<group>"; };
		F8B6F8DE1A1DDD2F009983D2 /* licenseTableViewController.m */ = {isa = PBXFileReference; fileEncoding = 4; lastKnownFileType = sourcecode.c.objc; path = licenseTableViewController.m; sourceTree = "<group>"; };
		F8C24FC31A22078C006DB833 /* licenseDetailViewController.h */ = {isa = PBXFileReference; fileEncoding = 4; lastKnownFileType = sourcecode.c.h; path = licenseDetailViewController.h; sourceTree = "<group>"; };
		F8C24FC41A22078C006DB833 /* licenseDetailViewController.m */ = {isa = PBXFileReference; fileEncoding = 4; lastKnownFileType = sourcecode.c.objc; path = licenseDetailViewController.m; sourceTree = "<group>"; };
		F8C24FC61A22268F006DB833 /* otherLicenseDetailViewController.h */ = {isa = PBXFileReference; fileEncoding = 4; lastKnownFileType = sourcecode.c.h; path = otherLicenseDetailViewController.h; sourceTree = "<group>"; };
		F8C24FC71A22268F006DB833 /* otherLicenseDetailViewController.m */ = {isa = PBXFileReference; fileEncoding = 4; lastKnownFileType = sourcecode.c.objc; path = otherLicenseDetailViewController.m; sourceTree = "<group>"; };
		F8F60B921A00D104002717F2 /* jsonUser.txt */ = {isa = PBXFileReference; fileEncoding = 4; lastKnownFileType = text; path = jsonUser.txt; sourceTree = "<group>"; };
		F8FE9D6A1A1FD8950007D2EA /* otherLicenseViewController3.h */ = {isa = PBXFileReference; fileEncoding = 4; lastKnownFileType = sourcecode.c.h; path = otherLicenseViewController3.h; sourceTree = "<group>"; };
		F8FE9D6B1A1FD8950007D2EA /* otherLicenseViewController3.m */ = {isa = PBXFileReference; fileEncoding = 4; lastKnownFileType = sourcecode.c.objc; path = otherLicenseViewController3.m; sourceTree = "<group>"; };
/* End PBXFileReference section */

/* Begin PBXFrameworksBuildPhase section */
		F8A223CA19EE6C0D00139991 /* Frameworks */ = {
			isa = PBXFrameworksBuildPhase;
			buildActionMask = 2147483647;
			files = (
				F87F6A7F19FA28E00088A0D6 /* QuartzCore.framework in Frameworks */,
				F8A223D319EE6C0D00139991 /* CoreGraphics.framework in Frameworks */,
				F8A223D519EE6C0D00139991 /* UIKit.framework in Frameworks */,
				F8A223D119EE6C0D00139991 /* Foundation.framework in Frameworks */,
			);
			runOnlyForDeploymentPostprocessing = 0;
		};
		F8A223EB19EE6C0D00139991 /* Frameworks */ = {
			isa = PBXFrameworksBuildPhase;
			buildActionMask = 2147483647;
			files = (
				F8A223F019EE6C0D00139991 /* XCTest.framework in Frameworks */,
				F8A223F219EE6C0D00139991 /* UIKit.framework in Frameworks */,
				F8A223F119EE6C0D00139991 /* Foundation.framework in Frameworks */,
			);
			runOnlyForDeploymentPostprocessing = 0;
		};
/* End PBXFrameworksBuildPhase section */

/* Begin PBXGroup section */
		EB88FE3D1A0A83340056A932 /* SourceImages */ = {
			isa = PBXGroup;
			children = (
				EB34E0ED19F4C590001CA342 /* menuicon.png */,
				9C683DB81A2B1AA1002C8A5B /* checkBtn.png */,
				9C683DB91A2B1AA1002C8A5B /* checkBtn2.png */,
				9C683DBA1A2B1AA1002C8A5B /* checkLog.png */,
				9C8D0F671A25B3BD00273ECB /* badge01.png */,
				9C8D0F681A25B3BD00273ECB /* badge02.png */,
				9C8D0F691A25B3BD00273ECB /* badge03.png */,
				9C8D0F6A1A25B3BD00273ECB /* badge04.png */,
				9C8D0F6B1A25B3BD00273ECB /* badge05.png */,
				9C8D0F6C1A25B3BD00273ECB /* badge06.png */,
				9C8D0F6D1A25B3BD00273ECB /* badge07.png */,
				9C8D0F6E1A25B3BD00273ECB /* badge08.png */,
				9C8D0F6F1A25B3BD00273ECB /* badge09.png */,
				9C8D0F701A25B3BD00273ECB /* badge10.png */,
				F81ACF101A2DEE9D0093201F /* badge11.png */,
				F81ACF111A2DEE9D0093201F /* badge12.png */,
				9C8D0F731A25B3BD00273ECB /* badge13.png */,
				F81ACF1A1A2DF4800093201F /* badge14.png */,
				F81ACF1B1A2DF4800093201F /* badge15.png */,
				F81ACF1C1A2DF4800093201F /* badge16.png */,
				EB24DAFB1A07431700C791F7 /* detailBackground.jpg */,
				9CAE43C41A2EB4DD0046A980 /* otherbackground.jpg */,
				EB5C75D51A0483D500EDF2A3 /* background.jpg */,
			);
			name = SourceImages;
			sourceTree = "<group>";
		};
		EB9DE11319F03D2D0071FEEB /* AMSlideMenu */ = {
			isa = PBXGroup;
			children = (
				EB9DE11419F03D2D0071FEEB /* AMSlideMenuContentSegue.h */,
				EB9DE11519F03D2D0071FEEB /* AMSlideMenuContentSegue.m */,
				EB9DE11619F03D2D0071FEEB /* AMSlideMenuLeftMenuSegue.h */,
				EB9DE11719F03D2D0071FEEB /* AMSlideMenuLeftMenuSegue.m */,
				EB9DE11819F03D2D0071FEEB /* AMSlideMenuLeftTableViewController.h */,
				EB9DE11919F03D2D0071FEEB /* AMSlideMenuLeftTableViewController.m */,
				EB9DE11A19F03D2D0071FEEB /* AMSlideMenuMainViewController.h */,
				EB9DE11B19F03D2D0071FEEB /* AMSlideMenuMainViewController.m */,
				EB9DE11C19F03D2D0071FEEB /* AMSlideMenuProtocols.h */,
				EB9DE11D19F03D2D0071FEEB /* AMSlideMenuRightMenuSegue.h */,
				EB9DE11E19F03D2D0071FEEB /* AMSlideMenuRightMenuSegue.m */,
				EB9DE11F19F03D2D0071FEEB /* AMSlideMenuRightTableViewController.h */,
				EB9DE12019F03D2D0071FEEB /* AMSlideMenuRightTableViewController.m */,
				EB9DE12119F03D2D0071FEEB /* UIViewController+AMSlideMenu.h */,
				EB9DE12219F03D2D0071FEEB /* UIViewController+AMSlideMenu.m */,
			);
			path = AMSlideMenu;
			sourceTree = "<group>";
		};
		EBE89AE81A178074002D0DCA /* LicenseAddition */ = {
			isa = PBXGroup;
			children = (
				EBB4B0331A1CB5C40073EABD /* additionData.h */,
				EBB4B0341A1CB5C40073EABD /* additionData.m */,
				EBE89A981A176BA4002D0DCA /* selectMakerViewController.h */,
				EBE89A991A176BA4002D0DCA /* selectMakerViewController.m */,
				EBE89A9B1A176BFC002D0DCA /* selectSoftwareViewController.h */,
				EBE89A9C1A176BFC002D0DCA /* selectSoftwareViewController.m */,
				EBE89A9E1A176C15002D0DCA /* selectVersionViewController.h */,
				EBE89A9F1A176C15002D0DCA /* selectVersionViewController.m */,
				EBE89AA11A176C41002D0DCA /* licenseKeyViewController.h */,
				EBE89AA21A176C41002D0DCA /* licenseKeyViewController.m */,
				EBE89AA41A176C62002D0DCA /* inputDateViewController.h */,
				EBE89AA51A176C62002D0DCA /* inputDateViewController.m */,
				EBE89AA71A176C6F002D0DCA /* confirmViewController.h */,
				EBE89AA81A176C6F002D0DCA /* confirmViewController.m */,
				EB7EB4371A23910500047F67 /* finishAddingViewController.h */,
				EB7EB4381A23910500047F67 /* finishAddingViewController.m */,
			);
			name = LicenseAddition;
			sourceTree = "<group>";
		};
		EBE89AE91A17809D002D0DCA /* OtherLabView */ = {
			isa = PBXGroup;
			children = (
				EBE89AAA1A1771D4002D0DCA /* labViewController.h */,
				EBE89AAB1A1771D4002D0DCA /* labViewController.m */,
				F81A11D21A1898620064103A /* tabViewController.h */,
				F81A11D31A1898620064103A /* tabViewController.m */,
				EBE89AE51A177901002D0DCA /* otherBadgeViewController.h */,
				EBE89AE61A177901002D0DCA /* otherBadgeViewController.m */,
				F8A63E3D1A1BCE3200B34842 /* otherBadgeDetailViewController.h */,
				F8A63E3E1A1BCE3200B34842 /* otherBadgeDetailViewController.m */,
				F8FE9D6A1A1FD8950007D2EA /* otherLicenseViewController3.h */,
				F8FE9D6B1A1FD8950007D2EA /* otherLicenseViewController3.m */,
				F8C24FC61A22268F006DB833 /* otherLicenseDetailViewController.h */,
				F8C24FC71A22268F006DB833 /* otherLicenseDetailViewController.m */,
			);
			name = OtherLabView;
			sourceTree = "<group>";
		};
		F81201031A30076F00670D65 /* LoginUserPage */ = {
			isa = PBXGroup;
			children = (
				EB9DE12A19F03E910071FEEB /* MenuViewController.h */,
				EB9DE12B19F03E910071FEEB /* MenuViewController.m */,
				9C34C2841A05438C00F8B7D0 /* licenseAddViewController.h */,
				9C34C2851A05438C00F8B7D0 /* licenseAddViewController.m */,
				EBFEFC0E1A032CA100E548B5 /* BadgeViewController.h */,
				EBB974631A036BDA00030426 /* BadgeViewController.m */,
				EB24DAB51A0731A800C791F7 /* BadgeDetailViewController.h */,
				EB24DAB61A0731A800C791F7 /* BadgeDetailViewController.m */,
				F8B6F8DD1A1DDD2F009983D2 /* licenseTableViewController.h */,
				F8B6F8DE1A1DDD2F009983D2 /* licenseTableViewController.m */,
				F8C24FC31A22078C006DB833 /* licenseDetailViewController.h */,
				F8C24FC41A22078C006DB833 /* licenseDetailViewController.m */,
				9C8D0F641A249EB700273ECB /* settingViewController.h */,
				9C8D0F651A249EB700273ECB /* settingViewController.m */,
			);
			name = LoginUserPage;
			sourceTree = "<group>";
		};
		F81201041A3007C500670D65 /* GuestPage */ = {
			isa = PBXGroup;
			children = (
				F81201051A3008A200670D65 /* guestLabViewController.h */,
				F81201061A3008A200670D65 /* guestLabViewController.m */,
				F81201081A300B5900670D65 /* guestTabViewController.h */,
				F81201091A300B5900670D65 /* guestTabViewController.m */,
				F812010B1A30A2E600670D65 /* guestLicenseViewController.h */,
				F812010C1A30A2E600670D65 /* guestLicenseViewController.m */,
				F812010E1A30A2FE00670D65 /* guestLicenseDetailViewController.h */,
				F812010F1A30A2FE00670D65 /* guestLicenseDetailViewController.m */,
				F81201111A30A31E00670D65 /* guestBadgeViewController.h */,
				F81201121A30A31E00670D65 /* guestBadgeViewController.m */,
				F81201141A30A6A600670D65 /* guestBadgeDetailViewController.h */,
				F81201151A30A6A600670D65 /* guestBadgeDetailViewController.m */,
			);
			name = GuestPage;
			sourceTree = "<group>";
		};
		F88AB18A1A21D08400CCE4E8 /* originClass */ = {
			isa = PBXGroup;
			children = (
				F88AB1871A21D05000CCE4E8 /* licenseCollect.h */,
				F88AB1881A21D05000CCE4E8 /* licenseCollect.m */,
				F8560B3B1A22B84B005AAEA9 /* licenseDetail.h */,
				F8560B3C1A22B84B005AAEA9 /* licenseDetail.m */,
				F81A121C1A1A2ACF0064103A /* WebdbConnect.h */,
				F81A121D1A1A2ACF0064103A /* WebdbConnect.m */,
			);
			name = originClass;
			sourceTree = "<group>";
		};
		F8A223C419EE6C0D00139991 = {
			isa = PBXGroup;
			children = (
				F8A223D619EE6C0D00139991 /* gyoumuApp1 */,
				F8A223F519EE6C0D00139991 /* gyoumuApp1Tests */,
				F8A223CF19EE6C0D00139991 /* Frameworks */,
				F8A223CE19EE6C0D00139991 /* Products */,
			);
			sourceTree = "<group>";
		};
		F8A223CE19EE6C0D00139991 /* Products */ = {
			isa = PBXGroup;
			children = (
				F8A223CD19EE6C0D00139991 /* gyoumuApp1.app */,
				F8A223EE19EE6C0D00139991 /* gyoumuApp1Tests.xctest */,
			);
			name = Products;
			sourceTree = "<group>";
		};
		F8A223CF19EE6C0D00139991 /* Frameworks */ = {
			isa = PBXGroup;
			children = (
				F87F6A7E19FA28E00088A0D6 /* QuartzCore.framework */,
				F8A223D019EE6C0D00139991 /* Foundation.framework */,
				F8A223D219EE6C0D00139991 /* CoreGraphics.framework */,
				F8A223D419EE6C0D00139991 /* UIKit.framework */,
				F8A223EF19EE6C0D00139991 /* XCTest.framework */,
			);
			name = Frameworks;
			sourceTree = "<group>";
		};
		F8A223D619EE6C0D00139991 /* gyoumuApp1 */ = {
			isa = PBXGroup;
			children = (
				EB9DE11319F03D2D0071FEEB /* AMSlideMenu */,
				F88AB18A1A21D08400CCE4E8 /* originClass */,
				F8A223DF19EE6C0D00139991 /* AppDelegate.h */,
				F8A223E019EE6C0D00139991 /* AppDelegate.m */,
				F8A223E519EE6C0D00139991 /* ViewController.h */,
				F8A223E619EE6C0D00139991 /* ViewController.m */,
				F889EFAD19EED0760049B3A7 /* PerViewController.h */,
				F889EFAE19EED0760049B3A7 /* PerViewController.m */,
				F81201031A30076F00670D65 /* LoginUserPage */,
				F81201041A3007C500670D65 /* GuestPage */,
				EBE89AE81A178074002D0DCA /* LicenseAddition */,
				EBE89AE91A17809D002D0DCA /* OtherLabView */,
				EBD7DC551A1B4275009C6FFF /* progress1.png */,
				EBD7DC561A1B4275009C6FFF /* progress2.png */,
				EBD7DC571A1B4275009C6FFF /* progress3.png */,
				EBD7DC581A1B4275009C6FFF /* progress4.png */,
				EBD7DC591A1B4275009C6FFF /* progress5.png */,
				EBD7DC5A1A1B4275009C6FFF /* progress6.png */,
				EBD7DC611A1B43F9009C6FFF /* adobe.png */,
				EBD7DC631A1B45FB009C6FFF /* microsoft.png */,
				F8A223E819EE6C0D00139991 /* Images.xcassets */,
				F8A223D719EE6C0D00139991 /* Supporting Files */,
			);
			path = gyoumuApp1;
			sourceTree = "<group>";
		};
		F8A223D719EE6C0D00139991 /* Supporting Files */ = {
			isa = PBXGroup;
			children = (
				F8A223E219EE6C0D00139991 /* Main.storyboard */,
				EB88FE3D1A0A83340056A932 /* SourceImages */,
				F8F60B921A00D104002717F2 /* jsonUser.txt */,
				F8A223D819EE6C0D00139991 /* gyoumuApp1-Info.plist */,
				F8A223D919EE6C0D00139991 /* InfoPlist.strings */,
				F8A223DC19EE6C0D00139991 /* main.m */,
				F8A223DE19EE6C0D00139991 /* gyoumuApp1-Prefix.pch */,
			);
			name = "Supporting Files";
			sourceTree = "<group>";
		};
		F8A223F519EE6C0D00139991 /* gyoumuApp1Tests */ = {
			isa = PBXGroup;
			children = (
				F8A223FB19EE6C0D00139991 /* gyoumuApp1Tests.m */,
				F8A223F619EE6C0D00139991 /* Supporting Files */,
			);
			path = gyoumuApp1Tests;
			sourceTree = "<group>";
		};
		F8A223F619EE6C0D00139991 /* Supporting Files */ = {
			isa = PBXGroup;
			children = (
				F8A223F719EE6C0D00139991 /* gyoumuApp1Tests-Info.plist */,
				F8A223F819EE6C0D00139991 /* InfoPlist.strings */,
			);
			name = "Supporting Files";
			sourceTree = "<group>";
		};
/* End PBXGroup section */

/* Begin PBXNativeTarget section */
		F8A223CC19EE6C0D00139991 /* gyoumuApp1 */ = {
			isa = PBXNativeTarget;
			buildConfigurationList = F8A223FF19EE6C0D00139991 /* Build configuration list for PBXNativeTarget "gyoumuApp1" */;
			buildPhases = (
				F8A223C919EE6C0D00139991 /* Sources */,
				F8A223CA19EE6C0D00139991 /* Frameworks */,
				F8A223CB19EE6C0D00139991 /* Resources */,
			);
			buildRules = (
			);
			dependencies = (
			);
			name = gyoumuApp1;
			productName = gyoumuApp1;
			productReference = F8A223CD19EE6C0D00139991 /* gyoumuApp1.app */;
			productType = "com.apple.product-type.application";
		};
		F8A223ED19EE6C0D00139991 /* gyoumuApp1Tests */ = {
			isa = PBXNativeTarget;
			buildConfigurationList = F8A2240219EE6C0D00139991 /* Build configuration list for PBXNativeTarget "gyoumuApp1Tests" */;
			buildPhases = (
				F8A223EA19EE6C0D00139991 /* Sources */,
				F8A223EB19EE6C0D00139991 /* Frameworks */,
				F8A223EC19EE6C0D00139991 /* Resources */,
			);
			buildRules = (
			);
			dependencies = (
				F8A223F419EE6C0D00139991 /* PBXTargetDependency */,
			);
			name = gyoumuApp1Tests;
			productName = gyoumuApp1Tests;
			productReference = F8A223EE19EE6C0D00139991 /* gyoumuApp1Tests.xctest */;
			productType = "com.apple.product-type.bundle.unit-test";
		};
/* End PBXNativeTarget section */

/* Begin PBXProject section */
		F8A223C519EE6C0D00139991 /* Project object */ = {
			isa = PBXProject;
			attributes = {
				LastUpgradeCheck = 0510;
				ORGANIZATIONNAME = shota;
				TargetAttributes = {
					F8A223CC19EE6C0D00139991 = {
						DevelopmentTeam = 565CL88MF2;
					};
					F8A223ED19EE6C0D00139991 = {
						TestTargetID = F8A223CC19EE6C0D00139991;
					};
				};
			};
			buildConfigurationList = F8A223C819EE6C0D00139991 /* Build configuration list for PBXProject "gyoumuApp1" */;
			compatibilityVersion = "Xcode 3.2";
			developmentRegion = English;
			hasScannedForEncodings = 0;
			knownRegions = (
				en,
				Base,
			);
			mainGroup = F8A223C419EE6C0D00139991;
			productRefGroup = F8A223CE19EE6C0D00139991 /* Products */;
			projectDirPath = "";
			projectRoot = "";
			targets = (
				F8A223CC19EE6C0D00139991 /* gyoumuApp1 */,
				F8A223ED19EE6C0D00139991 /* gyoumuApp1Tests */,
			);
		};
/* End PBXProject section */

/* Begin PBXResourcesBuildPhase section */
		F8A223CB19EE6C0D00139991 /* Resources */ = {
			isa = PBXResourcesBuildPhase;
			buildActionMask = 2147483647;
			files = (
				9C8D0F7B1A25B3BD00273ECB /* badge05.png in Resources */,
				9C683DBB1A2B1AA1002C8A5B /* checkBtn.png in Resources */,
				9C8D0F7A1A25B3BD00273ECB /* badge04.png in Resources */,
				F8A223E919EE6C0D00139991 /* Images.xcassets in Resources */,
				EBD7DC5C1A1B4275009C6FFF /* progress2.png in Resources */,
				9CAE43C51A2EB4DD0046A980 /* otherbackground.jpg in Resources */,
				EBD7DC5D1A1B4275009C6FFF /* progress3.png in Resources */,
				F81ACF1E1A2DF4800093201F /* badge15.png in Resources */,
				9C8D0F791A25B3BD00273ECB /* badge03.png in Resources */,
				9C683DBC1A2B1AA1002C8A5B /* checkBtn2.png in Resources */,
				9C8D0F7E1A25B3BD00273ECB /* badge08.png in Resources */,
				EBD7DC5E1A1B4275009C6FFF /* progress4.png in Resources */,
				9C8D0F7D1A25B3BD00273ECB /* badge07.png in Resources */,
				9C683DBD1A2B1AA1002C8A5B /* checkLog.png in Resources */,
				EB34E0EE19F4C590001CA342 /* menuicon.png in Resources */,
				F8F60B931A00D104002717F2 /* jsonUser.txt in Resources */,
				9C8D0F7F1A25B3BD00273ECB /* badge09.png in Resources */,
				F81ACF161A2DEE9D0093201F /* badge12.png in Resources */,
				EBD7DC621A1B43F9009C6FFF /* adobe.png in Resources */,
				EB5C75D61A0483D500EDF2A3 /* background.jpg in Resources */,
				9C8D0F7C1A25B3BD00273ECB /* badge06.png in Resources */,
				9C8D0F781A25B3BD00273ECB /* badge02.png in Resources */,
				9C8D0F771A25B3BD00273ECB /* badge01.png in Resources */,
				9C8D0F831A25B3BD00273ECB /* badge13.png in Resources */,
				F81ACF1F1A2DF4800093201F /* badge16.png in Resources */,
				EBD7DC641A1B45FB009C6FFF /* microsoft.png in Resources */,
				F8A223DB19EE6C0D00139991 /* InfoPlist.strings in Resources */,
				EBD7DC601A1B4275009C6FFF /* progress6.png in Resources */,
				EB24DAFC1A07431700C791F7 /* detailBackground.jpg in Resources */,
				9C8D0F801A25B3BD00273ECB /* badge10.png in Resources */,
				F8A223E419EE6C0D00139991 /* Main.storyboard in Resources */,
				F81ACF1D1A2DF4800093201F /* badge14.png in Resources */,
				EBD7DC5B1A1B4275009C6FFF /* progress1.png in Resources */,
				EBD7DC5F1A1B4275009C6FFF /* progress5.png in Resources */,
				F81ACF151A2DEE9D0093201F /* badge11.png in Resources */,
			);
			runOnlyForDeploymentPostprocessing = 0;
		};
		F8A223EC19EE6C0D00139991 /* Resources */ = {
			isa = PBXResourcesBuildPhase;
			buildActionMask = 2147483647;
			files = (
				F8A223FA19EE6C0D00139991 /* InfoPlist.strings in Resources */,
			);
			runOnlyForDeploymentPostprocessing = 0;
		};
/* End PBXResourcesBuildPhase section */

/* Begin PBXSourcesBuildPhase section */
		F8A223C919EE6C0D00139991 /* Sources */ = {
			isa = PBXSourcesBuildPhase;
			buildActionMask = 2147483647;
			files = (
				F812010D1A30A2E600670D65 /* guestLicenseViewController.m in Sources */,
				9C34C2861A05438C00F8B7D0 /* licenseAddViewController.m in Sources */,
				F81201101A30A2FE00670D65 /* guestLicenseDetailViewController.m in Sources */,
				F8C24FC81A22268F006DB833 /* otherLicenseDetailViewController.m in Sources */,
				F81201161A30A6A600670D65 /* guestBadgeDetailViewController.m in Sources */,
				EB9DE12919F03D2D0071FEEB /* UIViewController+AMSlideMenu.m in Sources */,
				EB9DE12719F03D2D0071FEEB /* AMSlideMenuRightMenuSegue.m in Sources */,
				EBE89A9D1A176BFC002D0DCA /* selectSoftwareViewController.m in Sources */,
				EBB974641A036BDA00030426 /* BadgeViewController.m in Sources */,
				EBB4B0351A1CB5C40073EABD /* additionData.m in Sources */,
				EB9DE12319F03D2D0071FEEB /* AMSlideMenuContentSegue.m in Sources */,
				F81201131A30A31E00670D65 /* guestBadgeViewController.m in Sources */,
				F8A223E719EE6C0D00139991 /* ViewController.m in Sources */,
				EBE89AE71A177901002D0DCA /* otherBadgeViewController.m in Sources */,
				F81A11D41A1898620064103A /* tabViewController.m in Sources */,
				F812010A1A300B5900670D65 /* guestTabViewController.m in Sources */,
				EBE89AA91A176C6F002D0DCA /* confirmViewController.m in Sources */,
				EB9DE12819F03D2D0071FEEB /* AMSlideMenuRightTableViewController.m in Sources */,
				EB24DAB71A0731A800C791F7 /* BadgeDetailViewController.m in Sources */,
				F8FE9D6C1A1FD8950007D2EA /* otherLicenseViewController3.m in Sources */,
				EBE89A9A1A176BA4002D0DCA /* selectMakerViewController.m in Sources */,
				EBE89AAC1A1771D4002D0DCA /* labViewController.m in Sources */,
				F8B6F8DF1A1DDD2F009983D2 /* licenseTableViewController.m in Sources */,
				EBE89AA61A176C62002D0DCA /* inputDateViewController.m in Sources */,
				F8C24FC51A22078C006DB833 /* licenseDetailViewController.m in Sources */,
				EB7EB4391A23910500047F67 /* finishAddingViewController.m in Sources */,
				EBE89AA31A176C41002D0DCA /* licenseKeyViewController.m in Sources */,
				F88AB1891A21D05000CCE4E8 /* licenseCollect.m in Sources */,
				9C8D0F661A249EB700273ECB /* settingViewController.m in Sources */,
				F81A121E1A1A2ACF0064103A /* WebdbConnect.m in Sources */,
				EB9DE12619F03D2D0071FEEB /* AMSlideMenuMainViewController.m in Sources */,
				F8A63E3F1A1BCE3200B34842 /* otherBadgeDetailViewController.m in Sources */,
				EBE89AA01A176C15002D0DCA /* selectVersionViewController.m in Sources */,
				F889EFAF19EED0760049B3A7 /* PerViewController.m in Sources */,
				EB9DE12C19F03E910071FEEB /* MenuViewController.m in Sources */,
				F81201071A3008A200670D65 /* guestLabViewController.m in Sources */,
				F8A223E119EE6C0D00139991 /* AppDelegate.m in Sources */,
				EB9DE12519F03D2D0071FEEB /* AMSlideMenuLeftTableViewController.m in Sources */,
				EB9DE12419F03D2D0071FEEB /* AMSlideMenuLeftMenuSegue.m in Sources */,
				F8A223DD19EE6C0D00139991 /* main.m in Sources */,
				F8560B3D1A22B84B005AAEA9 /* licenseDetail.m in Sources */,
			);
			runOnlyForDeploymentPostprocessing = 0;
		};
		F8A223EA19EE6C0D00139991 /* Sources */ = {
			isa = PBXSourcesBuildPhase;
			buildActionMask = 2147483647;
			files = (
				F8A223FC19EE6C0D00139991 /* gyoumuApp1Tests.m in Sources */,
			);
			runOnlyForDeploymentPostprocessing = 0;
		};
/* End PBXSourcesBuildPhase section */

/* Begin PBXTargetDependency section */
		F8A223F419EE6C0D00139991 /* PBXTargetDependency */ = {
			isa = PBXTargetDependency;
			target = F8A223CC19EE6C0D00139991 /* gyoumuApp1 */;
			targetProxy = F8A223F319EE6C0D00139991 /* PBXContainerItemProxy */;
		};
/* End PBXTargetDependency section */

/* Begin PBXVariantGroup section */
		F8A223D919EE6C0D00139991 /* InfoPlist.strings */ = {
			isa = PBXVariantGroup;
			children = (
				F8A223DA19EE6C0D00139991 /* en */,
			);
			name = InfoPlist.strings;
			sourceTree = "<group>";
		};
		F8A223E219EE6C0D00139991 /* Main.storyboard */ = {
			isa = PBXVariantGroup;
			children = (
				F8A223E319EE6C0D00139991 /* Base */,
			);
			name = Main.storyboard;
			sourceTree = "<group>";
		};
		F8A223F819EE6C0D00139991 /* InfoPlist.strings */ = {
			isa = PBXVariantGroup;
			children = (
				F8A223F919EE6C0D00139991 /* en */,
			);
			name = InfoPlist.strings;
			sourceTree = "<group>";
		};
/* End PBXVariantGroup section */

/* Begin XCBuildConfiguration section */
		F8A223FD19EE6C0D00139991 /* Debug */ = {
			isa = XCBuildConfiguration;
			buildSettings = {
				ALWAYS_SEARCH_USER_PATHS = NO;
				CLANG_CXX_LANGUAGE_STANDARD = "gnu++0x";
				CLANG_CXX_LIBRARY = "libc++";
				CLANG_ENABLE_MODULES = YES;
				CLANG_ENABLE_OBJC_ARC = YES;
				CLANG_WARN_BOOL_CONVERSION = YES;
				CLANG_WARN_CONSTANT_CONVERSION = YES;
				CLANG_WARN_DIRECT_OBJC_ISA_USAGE = YES_ERROR;
				CLANG_WARN_EMPTY_BODY = YES;
				CLANG_WARN_ENUM_CONVERSION = YES;
				CLANG_WARN_INT_CONVERSION = YES;
				CLANG_WARN_OBJC_ROOT_CLASS = YES_ERROR;
				CLANG_WARN__DUPLICATE_METHOD_MATCH = YES;
				"CODE_SIGN_IDENTITY[sdk=iphoneos*]" = "iPhone Developer";
				COPY_PHASE_STRIP = NO;
				GCC_C_LANGUAGE_STANDARD = gnu99;
				GCC_DYNAMIC_NO_PIC = NO;
				GCC_OPTIMIZATION_LEVEL = 0;
				GCC_PREPROCESSOR_DEFINITIONS = (
					"DEBUG=1",
					"$(inherited)",
				);
				GCC_SYMBOLS_PRIVATE_EXTERN = NO;
				GCC_WARN_64_TO_32_BIT_CONVERSION = YES;
				GCC_WARN_ABOUT_RETURN_TYPE = YES_ERROR;
				GCC_WARN_UNDECLARED_SELECTOR = YES;
				GCC_WARN_UNINITIALIZED_AUTOS = YES_AGGRESSIVE;
				GCC_WARN_UNUSED_FUNCTION = YES;
				GCC_WARN_UNUSED_VARIABLE = YES;
				IPHONEOS_DEPLOYMENT_TARGET = 7.1;
				ONLY_ACTIVE_ARCH = YES;
				SDKROOT = iphoneos;
				TARGETED_DEVICE_FAMILY = 2;
			};
			name = Debug;
		};
		F8A223FE19EE6C0D00139991 /* Release */ = {
			isa = XCBuildConfiguration;
			buildSettings = {
				ALWAYS_SEARCH_USER_PATHS = NO;
				CLANG_CXX_LANGUAGE_STANDARD = "gnu++0x";
				CLANG_CXX_LIBRARY = "libc++";
				CLANG_ENABLE_MODULES = YES;
				CLANG_ENABLE_OBJC_ARC = YES;
				CLANG_WARN_BOOL_CONVERSION = YES;
				CLANG_WARN_CONSTANT_CONVERSION = YES;
				CLANG_WARN_DIRECT_OBJC_ISA_USAGE = YES_ERROR;
				CLANG_WARN_EMPTY_BODY = YES;
				CLANG_WARN_ENUM_CONVERSION = YES;
				CLANG_WARN_INT_CONVERSION = YES;
				CLANG_WARN_OBJC_ROOT_CLASS = YES_ERROR;
				CLANG_WARN__DUPLICATE_METHOD_MATCH = YES;
				"CODE_SIGN_IDENTITY[sdk=iphoneos*]" = "iPhone Developer";
				COPY_PHASE_STRIP = YES;
				ENABLE_NS_ASSERTIONS = NO;
				GCC_C_LANGUAGE_STANDARD = gnu99;
				GCC_WARN_64_TO_32_BIT_CONVERSION = YES;
				GCC_WARN_ABOUT_RETURN_TYPE = YES_ERROR;
				GCC_WARN_UNDECLARED_SELECTOR = YES;
				GCC_WARN_UNINITIALIZED_AUTOS = YES_AGGRESSIVE;
				GCC_WARN_UNUSED_FUNCTION = YES;
				GCC_WARN_UNUSED_VARIABLE = YES;
				IPHONEOS_DEPLOYMENT_TARGET = 7.1;
				SDKROOT = iphoneos;
				TARGETED_DEVICE_FAMILY = 2;
				VALIDATE_PRODUCT = YES;
			};
			name = Release;
		};
		F8A2240019EE6C0D00139991 /* Debug */ = {
			isa = XCBuildConfiguration;
			buildSettings = {
				ASSETCATALOG_COMPILER_APPICON_NAME = AppIcon;
				ASSETCATALOG_COMPILER_LAUNCHIMAGE_NAME = LaunchImage;
				CODE_SIGN_IDENTITY = "iPhone Developer";
				"CODE_SIGN_IDENTITY[sdk=iphoneos*]" = "iPhone Developer";
				GCC_PRECOMPILE_PREFIX_HEADER = YES;
				GCC_PREFIX_HEADER = "gyoumuApp1/gyoumuApp1-Prefix.pch";
				INFOPLIST_FILE = "gyoumuApp1/gyoumuApp1-Info.plist";
				ONLY_ACTIVE_ARCH = YES;
				PRODUCT_NAME = "$(TARGET_NAME)";
				PROVISIONING_PROFILE = "";
				TARGETED_DEVICE_FAMILY = 2;
				VALID_ARCHS = "arm64 armv7 armv7s";
				WRAPPER_EXTENSION = app;
			};
			name = Debug;
		};
		F8A2240119EE6C0D00139991 /* Release */ = {
			isa = XCBuildConfiguration;
			buildSettings = {
				ASSETCATALOG_COMPILER_APPICON_NAME = AppIcon;
				ASSETCATALOG_COMPILER_LAUNCHIMAGE_NAME = LaunchImage;
				CODE_SIGN_IDENTITY = "iPhone Developer";
				"CODE_SIGN_IDENTITY[sdk=iphoneos*]" = "iPhone Developer";
				GCC_PRECOMPILE_PREFIX_HEADER = YES;
				GCC_PREFIX_HEADER = "gyoumuApp1/gyoumuApp1-Prefix.pch";
				INFOPLIST_FILE = "gyoumuApp1/gyoumuApp1-Info.plist";
				ONLY_ACTIVE_ARCH = NO;
				PRODUCT_NAME = "$(TARGET_NAME)";
				PROVISIONING_PROFILE = "";
				TARGETED_DEVICE_FAMILY = 2;
				VALID_ARCHS = "arm64 armv7 armv7s";
				WRAPPER_EXTENSION = app;
			};
			name = Release;
		};
		F8A2240319EE6C0D00139991 /* Debug */ = {
			isa = XCBuildConfiguration;
			buildSettings = {
				BUNDLE_LOADER = "$(BUILT_PRODUCTS_DIR)/gyoumuApp1.app/gyoumuApp1";
				FRAMEWORK_SEARCH_PATHS = (
					"$(SDKROOT)/Developer/Library/Frameworks",
					"$(inherited)",
					"$(DEVELOPER_FRAMEWORKS_DIR)",
				);
				GCC_PRECOMPILE_PREFIX_HEADER = YES;
				GCC_PREFIX_HEADER = "gyoumuApp1/gyoumuApp1-Prefix.pch";
				GCC_PREPROCESSOR_DEFINITIONS = (
					"DEBUG=1",
					"$(inherited)",
				);
				INFOPLIST_FILE = "gyoumuApp1Tests/gyoumuApp1Tests-Info.plist";
				PRODUCT_NAME = "$(TARGET_NAME)";
				TEST_HOST = "$(BUNDLE_LOADER)";
				WRAPPER_EXTENSION = xctest;
			};
			name = Debug;
		};
		F8A2240419EE6C0D00139991 /* Release */ = {
			isa = XCBuildConfiguration;
			buildSettings = {
				BUNDLE_LOADER = "$(BUILT_PRODUCTS_DIR)/gyoumuApp1.app/gyoumuApp1";
				FRAMEWORK_SEARCH_PATHS = (
					"$(SDKROOT)/Developer/Library/Frameworks",
					"$(inherited)",
					"$(DEVELOPER_FRAMEWORKS_DIR)",
				);
				GCC_PRECOMPILE_PREFIX_HEADER = YES;
				GCC_PREFIX_HEADER = "gyoumuApp1/gyoumuApp1-Prefix.pch";
				INFOPLIST_FILE = "gyoumuApp1Tests/gyoumuApp1Tests-Info.plist";
				PRODUCT_NAME = "$(TARGET_NAME)";
				TEST_HOST = "$(BUNDLE_LOADER)";
				WRAPPER_EXTENSION = xctest;
			};
			name = Release;
		};
/* End XCBuildConfiguration section */

/* Begin XCConfigurationList section */
		F8A223C819EE6C0D00139991 /* Build configuration list for PBXProject "gyoumuApp1" */ = {
			isa = XCConfigurationList;
			buildConfigurations = (
				F8A223FD19EE6C0D00139991 /* Debug */,
				F8A223FE19EE6C0D00139991 /* Release */,
			);
			defaultConfigurationIsVisible = 0;
			defaultConfigurationName = Release;
		};
		F8A223FF19EE6C0D00139991 /* Build configuration list for PBXNativeTarget "gyoumuApp1" */ = {
			isa = XCConfigurationList;
			buildConfigurations = (
				F8A2240019EE6C0D00139991 /* Debug */,
				F8A2240119EE6C0D00139991 /* Release */,
			);
			defaultConfigurationIsVisible = 0;
			defaultConfigurationName = Release;
		};
		F8A2240219EE6C0D00139991 /* Build configuration list for PBXNativeTarget "gyoumuApp1Tests" */ = {
			isa = XCConfigurationList;
			buildConfigurations = (
				F8A2240319EE6C0D00139991 /* Debug */,
				F8A2240419EE6C0D00139991 /* Release */,
			);
			defaultConfigurationIsVisible = 0;
			defaultConfigurationName = Release;
		};
/* End XCConfigurationList section */
	};
	rootObject = F8A223C519EE6C0D00139991 /* Project object */;
}
